version = 1
revision = 3
requires-python = ">=3.12, <3.14"
resolution-markers = [
    "sys_platform == 'win32'",
    "sys_platform == 'emscripten'",
    "sys_platform != 'emscripten' and sys_platform != 'win32'",
]

[[package]]
name = "fastavro"
version = "1.12.2"
source = { registry = "https://pypi.org/simple" }
sdist = { url = "https://files.pythonhosted.org/packages/6e/5b/ccb338db71f347e3bc031d268bf6dc41e5ead63b6997b8e72af92f05e18e/fastavro-1.12.2.tar.gz", hash = "sha256:3c79502d56cf6b76210032e1c53494ddfbc73c140bccf2ef4092b3f0825323ab", size = 1030127, upload-time = "2026-04-24T14:36:01.269Z" }
wheels = [
    { url = "https://files.pythonhosted.org/packages/0e/bc/fe5731d6724d978694fbd3196bc1c0d7cab3fd0766e9551c40c39f798b52/fastavro-1.12.2-cp312-cp312-macosx_10_13_universal2.whl", hash = "sha256:0e331896e8efffc72fa03e63b87ebfc37960113127da8e0f5152d91664ffed68", size = 964331, upload-time = "2026-04-24T14:36:31.297Z" },
    { url = "https://files.pythonhosted.org/packages/98/36/50abf1145e4f1c4f418cd4b5f2ac806643d0b14e360b60e953826edf1b34/fastavro-1.12.2-cp312-cp312-manylinux2014_aarch64.manylinux_2_17_aarch64.manylinux_2_28_aarch64.whl", hash = "sha256:7f01ebaada59d74fdf6d28e5031a961a413b3752e9edb0c03866fa18480cf4c8", size = 3340170, upload-time = "2026-04-24T14:36:33.364Z" },
    { url = "https://files.pythonhosted.org/packages/fc/8c/76ef4641e6c1c1aa3e6bb3c9efb5533ffda5dd975c8b5ae54e794322d9e3/fastavro-1.12.2-cp312-cp312-manylinux2014_x86_64.manylinux_2_17_x86_64.manylinux_2_28_x86_64.whl", hash = "sha256:25ef6855935f67582740ffa6bb978e40ec51be876117a3555c36fa2488dcdf25", size = 3425061, upload-time = "2026-04-24T14:36:35.497Z" },
    { url = "https://files.pythonhosted.org/packages/31/10/379ff23425b2b470d5209cbc6736a6e5cbc34392ff17bb7355b8fd4aa0ca/fastavro-1.12.2-cp312-cp312-musllinux_1_2_aarch64.whl", hash = "sha256:84a4f76a0aece0aa72b5ed8162ba2ff8c78908b8361b5a5d92ddd161977ccb74", size = 3243618, upload-time = "2026-04-24T14:36:37.969Z" },
    { url = "https://files.pythonhosted.org/packages/88/29/4c8f9e7cd78f932f0d82823899e67a6d7f7e8f2524992db03956f9d9f5ef/fastavro-1.12.2-cp312-cp312-musllinux_1_2_x86_64.whl", hash = "sha256:81e8da77d201916f6771fc357fda8267c2a256d7aa11923d43bc5f2fc155878b", size = 3378427, upload-time = "2026-04-24T14:36:40.278Z" },
    { url = "https://files.pythonhosted.org/packages/e2/a1/eafeb302aaaea6055d4a9c11272b4aeaf713e43fe8eaf782f43a1fee2b44/fastavro-1.12.2-cp312-cp312-win_amd64.whl", hash = "sha256:1924349c74666c89417bd5cc2749f598e2f15f1d56ee81428b2317ab02c88aae", size = 441077, upload-time = "2026-04-24T14:36:41.791Z" },
    { url = "https://files.pythonhosted.org/packages/56/9d/67e831041ba8efc16265c65bd71ba92e1095bba19b91be99e102f19d9be6/fastavro-1.12.2-cp312-cp312-win_arm64.whl", hash = "sha256:4c346cf449baf3b113e997c34151ad205e7135bc429469b005b180ade7e65e28", size = 378205, upload-time = "2026-04-24T14:36:43.679Z" },
    { url = "https://files.pythonhosted.org/packages/83/39/f489a441d41cc9c0a8449fb1325d7a9c9eb57a5634e6ab19dfb0a1105324/fastavro-1.12.2-cp313-cp313-macosx_10_13_universal2.whl", hash = "sha256:57bb6b908cb2e05baab63b04c3a31be3b4545a10bfab9748b8763016b5256704", size = 958566, upload-time = "2026-04-24T14:36:45.49Z" },
    { url = "https://files.pythonhosted.org/packages/31/69/776cc025aee2d02acacb734cf690d2fbc295eaadde1b5d47caf8c77a6a2b/fastavro-1.12.2-cp313-cp313-manylinux2014_aarch64.manylinux_2_17_aarch64.manylinux_2_28_aarch64.whl", hash = "sha256:3a007f95cc682f56e6d83f1d17c29c00bf719d6fe8e003282b535af3a1ba09c0", size = 3276390, upload-time = "2026-04-24T14:36:47.875Z" },
    { url = "https://files.pythonhosted.org/packages/8c/bc/b7e15fa788f42cbe65827af2ec06c9ad91bb9f72c213110dbef61b53a5b0/fastavro-1.12.2-cp313-cp313-manylinux2014_x86_64.manylinux_2_17_x86_64.manylinux_2_28_x86_64.whl", hash = "sha256:5e90460b0cd21f62be3cb26087e706e2cebb7b3fcef9e05b4473b61bb0415b5e", size = 3372779, upload-time = "2026-04-24T14:36:50.122Z" },
    { url = "https://files.pythonhosted.org/packages/79/c2/98993ca810231fc1397212f48c3d46626983722a24bbaaa5c27ee0963751/fastavro-1.12.2-cp313-cp313-musllinux_1_2_aarch64.whl", hash = "sha256:7ccd15966b8218d41b06ec3e7c2556be89a8a693026c771e6564d2e40bbaf8ea", size = 3187591, upload-time = "2026-04-24T14:36:52.451Z" },
    { url = "https://files.pythonhosted.org/packages/c6/bb/c180f340eba6478f1b20deccdd17e2b4a4d5074dafd812e3c4254fd035f7/fastavro-1.12.2-cp313-cp313-musllinux_1_2_x86_64.whl", hash = "sha256:06b6971d3dae10cb34353b857d16ad21ebd6f0ea394e86c96abdcad109005d6e", size = 3320589, upload-time = "2026-04-24T14:36:54.647Z" },
    { url = "https://files.pythonhosted.org/packages/4d/e9/aca0456216b5b8992e7b0a8542711b66799c05bfe24c8e32ef6f56e7eb93/fastavro-1.12.2-cp313-cp313-win_amd64.whl", hash = "sha256:98dfcdfaf1498ae2f0e2fafe900a82e8320cc81d8ae5a95b8b8879eaa3298c39", size = 440883, upload-time = "2026-04-24T14:36:56.585Z" },
    { url = "https://files.pythonhosted.org/packages/e3/7e/984896e716af504927be71b80a1e9661aa96c6f9e1e777d52823aacb99f2/fastavro-1.12.2-cp313-cp313-win_arm64.whl", hash = "sha256:3888ef7a51adc77cdf07251bc762566a1be36211e1cff689f13980f3776a2f36", size = 377536, upload-time = "2026-04-24T14:36:58.274Z" },
    { url = "https://files.pythonhosted.org/packages/e9/42/09a1e1f8d9998d73848a6ff0aad6713ae6abf0dbf99918776f8ef33344a7/fastavro-1.12.2-cp313-cp313t-macosx_10_13_universal2.whl", hash = "sha256:283dcd3129b632021894425974bedd0eb6db3bbf5994e448ccad10db4d803d31", size = 1049506, upload-time = "2026-04-24T14:36:59.797Z" },
    { url = "https://files.pythonhosted.org/packages/52/ef/80cc16f43919d532f25a707f34b275cccc09dca87a05b000fbbfc8e8f255/fastavro-1.12.2-cp313-cp313t-manylinux2014_aarch64.manylinux_2_17_aarch64.manylinux_2_28_aarch64.whl", hash = "sha256:2d125e210d5a0a1f701f12c0ecad9a03f1b04b5eddbce6ca36a1fc217da977ef", size = 3495899, upload-time = "2026-04-24T14:37:02.306Z" },
    { url = "https://files.pythonhosted.org/packages/c1/54/a0817d1d0236e9e0233f5c996f450cc795b056b8e06edb531f24b9df82ed/fastavro-1.12.2-cp313-cp313t-manylinux2014_x86_64.manylinux_2_17_x86_64.manylinux_2_28_x86_64.whl", hash = "sha256:2d4d66afad78e8f47feaa307728a6b71fe3effc63ba2b9eeb109ee687c9bd397", size = 3399232, upload-time = "2026-04-24T14:37:04.837Z" },
    { url = "https://files.pythonhosted.org/packages/38/0a/650f256c15f5875b6081544b9ba7ed8254329213e7e49e3db0aec68b5bee/fastavro-1.12.2-cp313-cp313t-musllinux_1_2_aarch64.whl", hash = "sha256:2328ec07925c04c89719e3971c9068a165c7fd474ea87675b1204de0440e71ff", size = 3320222, upload-time = "2026-04-24T14:37:07.281Z" },
    { url = "https://files.pythonhosted.org/packages/f5/54/8351d388f94fbb0870e8cffaae41d3cc607acc8d6a8a6a217e2794829593/fastavro-1.12.2-cp313-cp313t-musllinux_1_2_x86_64.whl", hash = "sha256:55dea7e74b834d4b70467fc19c5b9ccb5509fe39abc4d26891187c1b22176423", size = 3337096, upload-time = "2026-04-24T14:37:09.452Z" },
]

[[package]]
name = "grpcio"
version = "1.84.0"
source = { registry = "https://pypi.org/simple" }
dependencies = [
    { name = "typing-extensions" },
]
sdist = { url = "https://files.pythonhosted.org/packages/3f/4f/4435c0aae54657258d9cfcba78598f3d9e5fe4c82ff18d78558567b90faf/grpcio-1.84.0.tar.gz", hash = "sha256:19aaf172fc2edbefccce3f6e92c5150975dbe56c45744e9e87cf72ebdf85bfbe", size = 13493876, upload-time = "2026-09-14T06:59:33.291Z" }
wheels = [
    { url = "https://files.pythonhosted.org/packages/0a/c1/4c9a2e0e6b0aaf02781404cad2f79211f989f2c827cf672a4a48d1604d3e/grpcio-1.84.0-cp312-cp312-linux_armv7l.whl", hash = "sha256:b5c6f20d657ae09ae4e30d9d3a21edd13f1219d58cc6f999b9d1bb63be9c1baa", size = 6415756, upload-time = "2026-09-14T06:57:39.345Z" },
    { url = "https://files.pythonhosted.org/packages/b1/57/131e7007bdee9acb77a8dbe8a16fa9fef75f88c1695242d8ee0993ac2d3d/grpcio-1.84.0-cp312-cp312-macosx_11_0_universal2.whl", hash = "sha256:406583b4e8fb2282ebd392e12b963e601c1f82e07125a8c2cb5b144e7e024796", size = 12339195, upload-time = "2026-09-14T06:57:42.373Z" },
    { url = "https://files.pythonhosted.org/packages/db/d1/a7b7cda98fcab9b3d2916204a872d87371158a7a34e41768f524584fb64d/grpcio-1.84.0-cp312-cp312-manylinux2014_aarch64.manylinux_2_17_aarch64.whl", hash = "sha256:fbdbcd06986ede3ce584083b1dc2afe6808e8943e5cf50ad11183c03aceda25a", size = 6984468, upload-time = "2026-09-14T06:57:45.035Z" },
    { url = "https://files.pythonhosted.org/packages/19/81/c5be83e3ac9416f73c4c51fe1ea9c41a0c42fc3509e3505faa46f5046abe/grpcio-1.84.0-cp312-cp312-manylinux2014_i686.manylinux_2_17_i686.whl", hash = "sha256:23e6e8e8a75cff88e0a793bfd3becea03a13e2763ae90c1ff573bc19ca5b429a", size = 7749432, upload-time = "2026-09-14T06:57:47.395Z" },
    { url = "https://files.pythonhosted.org/packages/a0/bf/258cd7c0a7ed92745dc93c31666d462d05b702807a689744bd49fb833bde/grpcio-1.84.0-cp312-cp312-manylinux2014_x86_64.manylinux_2_17_x86_64.whl", hash = "sha256:b44f0a0fc7bc6677d38cc80bca1a32814ce6c8f200fb8b3c1a61c9d77eaefbf3", size = 7156115, upload-time = "2026-09-14T06:57:49.657Z" },
    { url = "https://files.pythonhosted.org/packages/2b/4b/7f829418dbfcf91b875e55e2973f1059a95decb4f081313416317ef04ec1/grpcio-1.84.0-cp312-cp312-musllinux_1_2_aarch64.whl", hash = "sha256:210e4c32f907045eb8158273e60c6ab69a3947697df6245dbda381f26c59485b", size = 7708010, upload-time = "2026-09-14T06:57:52.496Z" },
    { url = "https://files.pythonhosted.org/packages/34/f0/9932e2fec6a04205f8bf3f8f4d2020479dcdac88feb6f93822ed31bf0eba/grpcio-1.84.0-cp312-cp312-musllinux_1_2_i686.whl", hash = "sha256:a71d24f40b0cc6798feaa978c7411dc1135b7018e9fc0442db611c139bf58344", size = 8759980, upload-time = "2026-09-14T06:57:55.312Z" },
    { url = "https://files.pythonhosted.org/packages/2c/5c/b67407c6dbc480dfc0715f6eccdb1061e7c88d85f9a330a241d357a538c5/grpcio-1.84.0-cp312-cp312-musllinux_1_2_x86_64.whl", hash = "sha256:f6c972474ce691aca74e58d17625450cef153dc4760364cadeb167983ea6d589", size = 8124904, upload-time = "2026-09-14T06:57:58.569Z" },
    { url = "https://files.pythonhosted.org/packages/02/37/2bfdae2df8dfcfc0df619b628e0c7153ce703adae827243f44720322ccc1/grpcio-1.84.0-cp312-cp312-win32.whl", hash = "sha256:0d532ade4486dad9b302ffa4d4683d67561051c26d17c4023322845e9fa10140", size = 4478915, upload-time = "2026-09-14T06:58:00.714Z" },
    { url = "https://files.pythonhosted.org/packages/85/2c/309268b7b39f6deb2342f634841e105623a0b67982e8b10ec516782ff1c6/grpcio-1.84.0-cp312-cp312-win_amd64.whl", hash = "sha256:49717e857899f4136d7657bf5aded61ac479110a075438290923a4d86af7cd02", size = 5253534, upload-time = "2026-09-14T06:58:03.336Z" },
    { url = "https://files.pythonhosted.org/packages/5d/51/40f99701adb01d4e5316a2aaf13838da1a24d5c879cd8c95156d7c364454/grpcio-1.84.0-cp313-cp313-linux_armv7l.whl", hash = "sha256:209414080da8c20af94df1395b635da52dd57b5edc9e917e1deca0dc1c4bb55e", size = 6427619, upload-time = "2026-09-14T06:58:06.025Z" },
    { url = "https://files.pythonhosted.org/packages/c5/4b/ed8e22a1237e6b2be6ef4f221d074a5b0e0dd8a0da8c944c04aea731f0eb/grpcio-1.84.0-cp313-cp313-macosx_11_0_universal2.whl", hash = "sha256:e41c3993eee896c617dbd8a505085d28b6e84a0445ed9a1f40f95808473cf678", size = 12336549, upload-time = "2026-09-14T06:58:08.583Z" },
    { url = "https://files.pythonhosted.org/packages/d3/50/00165b05cd73f45996748ea67ce9e55d08936f2fea94a7fd8541cc2d0e54/grpcio-1.84.0-cp313-cp313-manylinux2014_aarch64.manylinux_2_17_aarch64.whl", hash = "sha256:fff5ef3fe1bba7d6147e5f19e01e5e122ac2c076486887ddcb8d42e663400fbe", size = 6989458, upload-time = "2026-09-14T06:58:11.884Z" },
    { url = "https://files.pythonhosted.org/packages/26/38/d0486230e684d916f97429a53041db88410e662a38f2a8d09e2d90375840/grpcio-1.84.0-cp313-cp313-manylinux2014_i686.manylinux_2_17_i686.whl", hash = "sha256:b8c62888c3e49debf37ad9773e3c02f77b0c1e811f8fb0962f2b6c3bbab5b97a", size = 7757778, upload-time = "2026-09-14T06:58:14.849Z" },
    { url = "https://files.pythonhosted.org/packages/da/56/548a643decb059ca244499c675ae2c13a15f523ba94592c2774bd80a13c1/grpcio-1.84.0-cp313-cp313-manylinux2014_x86_64.manylinux_2_17_x86_64.whl", hash = "sha256:986e9751d416d7a6eaa2fecdac38da63153d63a4b340ba7d624889c490451500", size = 7159572, upload-time = "2026-09-14T06:58:17.87Z" },
    { url = "https://files.pythonhosted.org/packages/db/f5/42caac81a79ec680f1f7a8eaf7ca90d2f93936ce0c3a073141ba96757f77/grpcio-1.84.0-cp313-cp313-musllinux_1_2_aarch64.whl", hash = "sha256:5933a052946873d01a42119a05420d669bdca436aeba2d1851988ccb12b421c0", size = 7710547, upload-time = "2026-09-14T06:58:20.607Z" },
    { url = "https://files.pythonhosted.org/packages/57/a4/828ad990b2410fee0a55cc73aa1bf98eb5b911c54847374ef4f24b9e877b/grpcio-1.84.0-cp313-cp313-musllinux_1_2_i686.whl", hash = "sha256:e094dd21f077af8194923fc263cad872eaa1802bb0156fd7e5ae18e99cd86715", size = 8761519, upload-time = "2026-09-14T06:58:23.875Z" },
    { url = "https://files.pythonhosted.org/packages/d5/a5/1f91af098919eaf5d80d5a61126ad9fae074e5190c25a3014ce1d8d0d890/grpcio-1.84.0-cp313-cp313-musllinux_1_2_x86_64.whl", hash = "sha256:08735e3d08d24ab3132cf87e2e5dea8746cabcc7d676c2b0b7362f195feef9d9", size = 8121424, upload-time = "2026-09-14T06:58:27.006Z" },
    { url = "https://files.pythonhosted.org/packages/8c/8f/77fd4a7a913b636785479922349c4cb98d94d05d15652e556b3ca0df6663/grpcio-1.84.0-cp313-cp313-win32.whl", hash = "sha256:70bb4ce8be0c5606bec259cbd7152374470396413b7863a658a08c849e6b29ff", size = 4477974, upload-time = "2026-09-14T06:58:29.528Z" },
    { url = "https://files.pythonhosted.org/packages/d0/9a/1fa59ddbfc8898e5518d1447e46f771f387f0ed6132ad531395338e51a5c/grpcio-1.84.0-cp313-cp313-win_amd64.whl", hash = "sha256:b61692f0069b3eee2fc8a3a1b7f6c044df9e03fede6ce69b3ca832e1c39f26c5", size = 5255326, upload-time = "2026-09-14T06:58:31.781Z" },
]

[[package]]
name = "grpcio-tools"
version = "1.84.0"
source = { registry = "https://pypi.org/simple" }
dependencies = [
    { name = "grpcio" },
    { name = "protobuf" },
    { name = "setuptools" },
]
sdist = { url = "https://files.pythonhosted.org/packages/cd/db/a5dba38d7ff7711d1ad05f2b43751bd0e9f234fae7c89df1846a9de034f9/grpcio_tools-1.84.0.tar.gz", hash = "sha256:210ac5ac9803569490ec33574b7e995bc087815b00d9b777e0134cab5ed9a379", size = 6401750, upload-time = "2026-09-14T07:03:45.725Z" }
wheels = [
    { url = "https://files.pythonhosted.org/packages/55/f9/ad0fc599f687227569fb0f37695ad0b66b6c515ca4b938df863f1efb1109/grpcio_tools-1.84.0-cp312-cp312-linux_armv7l.whl", hash = "sha256:bcc3b6f41e02d77e519e6e4f114f7ab5a22815acd9b6a3c8965417df36938de3", size = 2653285, upload-time = "2026-09-14T07:01:55.305Z" },
    { url = "https://files.pythonhosted.org/packages/c0/14/cc6e137a4fea4cf35b115c22e99be391b446ac002cd8742e8d97ecff5fd4/grpcio_tools-1.84.0-cp312-cp312-macosx_11_0_universal2.whl", hash = "sha256:9315344bed77b08c155672ab2d77513e1e8a20fd2744ab0bb72647e22bc900ac", size = 5965932, upload-time = "2026-09-14T07:01:58.431Z" },
    { url = "https://files.pythonhosted.org/packages/85/7f/602dffdd92363c6b28959502eb97badcf28176c501e3f8a26d30d6893d31/grpcio_tools-1.84.0-cp312-cp312-manylinux2014_aarch64.manylinux_2_17_aarch64.whl", hash = "sha256:a83ccb3f47f841d92f04fd35ed1f8b094e2a92c33ae41f26732e970e0361ff14", size = 2705432, upload-time = "2026-09-14T07:02:00.882Z" },
    { url = "https://files.pythonhosted.org/packages/55/1d/7a7bfd74fcf34d96995a05f03f9c01305f64982c6e53296363fe2d8f9911/grpcio_tools-1.84.0-cp312-cp312-manylinux2014_i686.manylinux_2_17_i686.whl", hash = "sha256:9b0f4aa6fd1a72e2048742016da37cfa773394ee2b96daef6e6ef38a02eabea6", size = 3033412, upload-time = "2026-09-14T07:02:03.246Z" },
    { url = "https://files.pythonhosted.org/packages/74/18/d9fa4b43c4974094a9e720e97fc90fcba1908f8c806b36eefabf6c148d88/grpcio_tools-1.84.0-cp312-cp312-manylinux2014_x86_64.manylinux_2_17_x86_64.whl", hash = "sha256:fc1708de3ba6cc46eff02de1aea865442418167794ca963a2cf6ea2013930146", size = 2774501, upload-time = "2026-09-14T07:02:05.329Z" },
    { url = "https://files.pythonhosted.org/packages/2b/23/0458fb717829008b4c2160e37b2e4d6d7c31ad8c8b2ee411819f682a929e/grpcio_tools-1.84.0-cp312-cp312-musllinux_1_2_aarch64.whl", hash = "sha256:45e38ee36a131ad1123b2741e045656419551efe52837a4702e09daee339fbcf", size = 3229874, upload-time = "2026-09-14T07:02:08.973Z" },
    { url = "https://files.pythonhosted.org/packages/af/5a/e955b667d7fb2a8746f62342a108008798a333d3824b3d28b0c5d8034613/grpcio_tools-1.84.0-cp312-cp312-musllinux_1_2_i686.whl", hash = "sha256:a87275c13a9e6027d164494483027b9b08a8b9f6176108cb27d4bc13c8cbc720", size = 3803163, upload-time = "2026-09-14T07:02:12.006Z" },
    { url = "https://files.pythonhosted.org/packages/08/fe/be66ea5d0962793156cc6e29da40e80a4f6ec12371564e6ba7237f8427e6/grpcio_tools-1.84.0-cp312-cp312-musllinux_1_2_x86_64.whl", hash = "sha256:602453d5a04f74ead2077064249fc462bd4a93a1d23cb9f2c89cd254ac170ab7", size = 3461818, upload-time = "2026-09-14T07:02:14.099Z" },
    { url = "https://files.pythonhosted.org/packages/6e/32/9ecf7738075039348096a4cd739f0e994bbd28ef288f5bde68891739f22c/grpcio_tools-1.84.0-cp312-cp312-win32.whl", hash = "sha256:13a7e252569e3d2b3496fad5439a5f02f9f8d3454e66c5177fb3127342635c57", size = 1022489, upload-time = "2026-09-14T07:02:18.338Z" },
    { url = "https://files.pythonhosted.org/packages/e7/2c/599ce7a1d0c9c232bde27d327d605d72f07437e0e665ca8153d499557367/grpcio_tools-1.84.0-cp312-cp312-win_amd64.whl", hash = "sha256:848338ebb0f1bccaf15c09d3905a2bda5907101ca2c88ed411c4ae707615f8ac", size = 1192285, upload-time = "2026-09-14T07:02:20.492Z" },
    { url = "https://files.pythonhosted.org/packages/c1/58/688e987d701d3673e6013adeb7c3d40f5886a79bc5fe3d2c462f13447cf3/grpcio_tools-1.84.0-cp313-cp313-linux_armv7l.whl", hash = "sha256:7a34eee4038b8a92c4d2bd56ff6a68b7debb0e80fdd9a1f2dc77895525da2bc3", size = 2652846, upload-time = "2026-09-14T07:02:23.065Z" },
    { url = "https://files.pythonhosted.org/packages/26/e9/fbc0a4d4234e7b7622bbeae07da6c4620a0baf2a9764f1d0728a12f0d2fd/grpcio_tools-1.84.0-cp313-cp313-macosx_11_0_universal2.whl", hash = "sha256:131cc59f5612cc6d2b7f83adea3177eb85a0b52196007c555e7d80bb1d0b2b97", size = 5963562, upload-time = "2026-09-14T07:02:25.956Z" },
    { url = "https://files.pythonhosted.org/packages/66/55/41dc86dd98fb5a8b620e47d2343030243bf80411d8da372ee1554c75b667/grpcio_tools-1.84.0-cp313-cp313-manylinux2014_aarch64.manylinux_2_17_aarch64.whl", hash = "sha256:b8c6d43a94a22a4a4630b112366fb01bebd4e3e2ac7519ee171268c8804f4e05", size = 2705097, upload-time = "2026-09-14T07:02:28.344Z" },
    { url = "https://files.pythonhosted.org/packages/58/45/7a7c5e80a122990d61b0ff6603d3aaf1952de1faf4b2d2e7a6445d5bd894/grpcio_tools-1.84.0-cp313-cp313-manylinux2014_i686.manylinux_2_17_i686.whl", hash = "sha256:0130a41b311c5352fa7ab1e21da63b59db0af6559205d41c384099fc4c59f0be", size = 3033063, upload-time = "2026-09-14T07:02:30.636Z" },
    { url = "https://files.pythonhosted.org/packages/fd/a8/169ee6a6eb3225892c6be243452161b016f3bbd93fc555857dbb70d5939c/grpcio_tools-1.84.0-cp313-cp313-manylinux2014_x86_64.manylinux_2_17_x86_64.whl", hash = "sha256:fad2e65eed6e98ca01046bd8a47e446c7f760af89f2a958a497d61da203f9fd8", size = 2773655, upload-time = "2026-09-14T07:02:33.092Z" },
    { url = "https://files.pythonhosted.org/packages/ef/c1/41f67a4ce7c221810d515f7c384e2efbe3b547209b6686c018e9a4e54375/grpcio_tools-1.84.0-cp313-cp313-musllinux_1_2_aarch64.whl", hash = "sha256:770f7c400339350e47abca5a874e5ddce9dfb313e9994af79af52482862bcb38", size = 3229788, upload-time = "2026-09-14T07:02:35.493Z" },
    { url = "https://files.pythonhosted.org/packages/bf/64/dcdfb115bfc0fa1c2659fa48c8b743cdb45d74c93d5e1a490665152ce068/grpcio_tools-1.84.0-cp313-cp313-musllinux_1_2_i686.whl", hash = "sha256:ee0609bc149bfe0b0e974ad2c3b30facc8fde16cb6c142ebaf9b5c3ffb428f97", size = 3802534, upload-time = "2026-09-14T07:02:38.172Z" },
    { url = "https://files.pythonhosted.org/packages/cd/47/2f36195b5c59cab8b8388c0e9d1383dfbc48a816db033789bd96692ab3d5/grpcio_tools-1.84.0-cp313-cp313-musllinux_1_2_x86_64.whl", hash = "sha256:6cf4be6baf5f932950ec24c8ccd9284b6fa46e5b275aeb4789d7fe50a8452611", size = 3461034, upload-time = "2026-09-14T07:02:40.764Z" },
    { url = "https://files.pythonhosted.org/packages/07/99/2956e79ccf82f225fe4e03835ff72bd673a95cd0e1541259b3964ffc2214/grpcio_tools-1.84.0-cp313-cp313-win32.whl", hash = "sha256:bd034763ecf817c3e97a9aeb1e5c5006389c06644973595af5f3a32a1e738c37", size = 1022115, upload-time = "2026-09-14T07:02:43.1Z" },
    { url = "https://files.pythonhosted.org/packages/71/01/89a1d1f00801f892142ed31f28a2f325ce682b02bc294abf2ea8e951d205/grpcio_tools-1.84.0-cp313-cp313-win_amd64.whl", hash = "sha256:2d1e701bd77282618e76898b7dfe05094201c679ccb0b321fff2985d0fdb2e3f", size = 1191934, upload-time = "2026-09-14T07:02:45.829Z" },
]

[[package]]
name = "numpy"
version = "2.5.3"
source = { registry = "https://pypi.org/simple" }
sdist = { url = "https://files.pythonhosted.org/packages/13/01/11703282db468b85f6f7b8c7f22d058de5970d5c7e60a3a8aaa313c3de36/numpy-2.5.3.tar.gz", hash = "sha256:df2d5874ff183595a4ba404edd04f6bd9b5505c1d7708573f6a6c17489a67563", size = 20791231, upload-time = "2026-09-06T16:27:47.073Z" }
wheels = [
    { url = "https://files.pythonhosted.org/packages/d6/50/8fdbb16af64895706a45f06a4068e29db732ec180f3c1375f14123359138/numpy-2.5.3-cp312-cp312-macosx_10_13_x86_64.whl", hash = "sha256:cb189f09db39283b26bfd061ec16189e14f71c6755207f72a0f7540867afe5b9", size = 16994982, upload-time = "2026-09-06T16:24:29.244Z" },
    { url = "https://files.pythonhosted.org/packages/60/39/789131c1188c078dcb3a1692e72e1e050c68b88ffe72c9ccaac9bcd7a9cd/numpy-2.5.3-cp312-cp312-macosx_11_0_arm64.whl", hash = "sha256:f59a878c33d6b88122d80d239bb3b845d58708750b0cb06a09aebb9b18ec696c", size = 12009327, upload-time = "2026-09-06T16:24:32.491Z" },
    { url = "https://files.pythonhosted.org/packages/9c/59/a312e95696e5f601914dd8b6dd844692ba61670807417e24b68e337b5c70/numpy-2.5.3-cp312-cp312-macosx_14_0_arm64.whl", hash = "sha256:a72f874bc9e10e4b8f80426fb49716d5141f64442a0c8418065093ec8017fbb0", size = 5445405, upload-time = "2026-09-06T16:24:35.071Z" },
    { url = "https://files.pythonhosted.org/packages/30/d0/5623a1707ed4fe16e3909fe3cf5ee3da004ae677ad23d83bbf3adf1a6faf/numpy-2.5.3-cp312-cp312-macosx_14_0_x86_64.whl", hash = "sha256:fc36dc566135b5eceec4cf89758fcb719266a019ef07dae1754ae7c9f617ef3e", size = 6783213, upload-time = "2026-09-06T16:24:37.253Z" },
    { url = "https://files.pythonhosted.org/packages/f1/32/84146fc020ad3c25f805f70ab60da46fe3c540a21369754a7e4369754b6f/numpy-2.5.3-cp312-cp312-manylinux_2_27_aarch64.manylinux_2_28_aarch64.whl", hash = "sha256:76c2c1e6bfa5c84adc6434dfbf013aa92096a7985221762c8f11fedfd20fff58", size = 15687872, upload-time = "2026-09-06T16:24:39.751Z" },
    { url = "https://files.pythonhosted.org/packages/65/af/aa78d1a88805456e212b65461354cd943197fb9acecc4c90fd12295123a3/numpy-2.5.3-cp312-cp312-manylinux_2_27_x86_64.manylinux_2_28_x86_64.whl", hash = "sha256:b7e18c623bb5c95acb3b3328861272816ba199fb531921c5d6d0b675f1fde9e3", size = 16717410, upload-time = "2026-09-06T16:24:42.745Z" },
    { url = "https://files.pythonhosted.org/packages/3b/24/faa79d865e69a97ba17473b23a1b74094b2259c03e820c70297293b9ea49/numpy-2.5.3-cp312-cp312-musllinux_1_2_aarch64.whl", hash = "sha256:4f8929ee6c96bfbd7b4ed2032e0c03af86fe1826740ab61ddabf9072d06e57ff", size = 17040975, upload-time = "2026-09-06T16:24:45.961Z" },
    { url = "https://files.pythonhosted.org/packages/62/4a/8877e629445a7176297dffcaf9c485faa96a95d81728a62521ad55bd4c0f/numpy-2.5.3-cp312-cp312-musllinux_1_2_x86_64.whl", hash = "sha256:b5d93cf48f687479941d12b69c873ad2cc76bbd487f0091c2200636497f34034", size = 18476479, upload-time = "2026-09-06T16:24:49.35Z" },
    { url = "https://files.pythonhosted.org/packages/c8/db/35e1c2d38b04cbd5b731f9d71495e055e813197669d22b612f11748d2ff9/numpy-2.5.3-cp312-cp312-win32.whl", hash = "sha256:bf63afbe037eb5d2fe87fbcc7778e61da53ebaf21d938a4515aa73b62532a5d4", size = 6133378, upload-time = "2026-09-06T16:24:51.915Z" },
    { url = "https://files.pythonhosted.org/packages/3c/a1/accf6d4f0c80c5d9ba9735d6b1550e444180599f34dec69ca01360f717ad/numpy-2.5.3-cp312-cp312-win_amd64.whl", hash = "sha256:0a59a421a32580a009e8a1751345bf829631b990dc1794b80514ab722b435def", size = 12567828, upload-time = "2026-09-06T16:24:54.255Z" },
    { url = "https://files.pythonhosted.org/packages/22/43/1764aff32e4652526ae2f71fa8b3efd8d25c8a3d6926914454e47138ed1e/numpy-2.5.3-cp312-cp312-win_arm64.whl", hash = "sha256:ccb32e0525d29e8b0572eb84c9a57af0e7a4e615726927506f55063c62414034", size = 10485432, upload-time = "2026-09-06T16:24:57.278Z" },
    { url = "https://files.pythonhosted.org/packages/79/e5/8fb89cd46d14e35699d13bf943a5f5f441ecee8667120a1f6105ab89e349/numpy-2.5.3-cp313-cp313-macosx_10_13_x86_64.whl", hash = "sha256:66a78fe4556c60aceda5916f9eacd638b18e9e681016ec302dcb4682d6d4d034", size = 16991061, upload-time = "2026-09-06T16:25:00.411Z" },
    { url = "https://files.pythonhosted.org/packages/2f/06/9dc9e48b5e5e941c8b10350c5ff2d721da42a20517d911d15544246775ff/numpy-2.5.3-cp313-cp313-macosx_11_0_arm64.whl", hash = "sha256:92f30e89b8ee0ecf363033576c422b2f58fed6a80bed0aa48dff6d14c654663e", size = 12003676, upload-time = "2026-09-06T16:25:03.475Z" },
    { url = "https://files.pythonhosted.org/packages/ab/2a/98282aa5b8f58b1157d440bb6282eed47e3632a5de53a714fbab17e659fe/numpy-2.5.3-cp313-cp313-macosx_14_0_arm64.whl", hash = "sha256:f9a2353b37a1a9e78fd82b27ad7e2a32a2d036604d18f02b05e3136c62ca3b09", size = 5439695, upload-time = "2026-09-06T16:25:05.978Z" },
    { url = "https://files.pythonhosted.org/packages/a1/f9/b6533d777be9d6ffd29dc1be0867e563e6e8cc9a220ff1b716adc317f060/numpy-2.5.3-cp313-cp313-macosx_14_0_x86_64.whl", hash = "sha256:ccbc4665079665c3cf3bab4db9f6b095370cd6437d66be549b6c2a1fd19e1958", size = 6779395, upload-time = "2026-09-06T16:25:08.599Z" },
    { url = "https://files.pythonhosted.org/packages/73/85/735720d04ec197c5dcfacdfc9922667c7f1f5f496a279b7ba4d7c74c4cc7/numpy-2.5.3-cp313-cp313-manylinux_2_27_aarch64.manylinux_2_28_aarch64.whl", hash = "sha256:c76d5dde9f445058f83d0c02af00557a4db91de9a9a57c0df87d1535001d654b", size = 15681750, upload-time = "2026-09-06T16:25:11.173Z" },
    { url = "https://files.pythonhosted.org/packages/3a/1b/3b16a9bc514a440a7a0883684111dcb1ef1aee960af2ca95da8fc775f124/numpy-2.5.3-cp313-cp313-manylinux_2_27_x86_64.manylinux_2_28_x86_64.whl", hash = "sha256:a5fa86b80fd24bcd1aff83ad23be44ea323de3f787be8f8b15d4a65621e25321", size = 16708577, upload-time = "2026-09-06T16:25:14.171Z" },
    { url = "https://files.pythonhosted.org/packages/69/c4/386f397831b07328b639c96c5b62719346cf4baf07c68d927239752b1534/numpy-2.5.3-cp313-cp313-musllinux_1_2_aarch64.whl", hash = "sha256:bd4cb9ad3c7889b9b3fe0a9a9fb5d2ed26f9879bff2608d9f01aed147a20d231", size = 17042047, upload-time = "2026-09-06T16:25:17.582Z" },
    { url = "https://files.pythonhosted.org/packages/5f/3e/a700ecbf36e85ae8328fd3b0e12eeddc22ed6358a64cb2bd913e0d195d65/numpy-2.5.3-cp313-cp313-musllinux_1_2_x86_64.whl", hash = "sha256:1302b90c0e52281681b2975adfe8a860cb7b12216a27b4b0b4207c44bf7bccf0", size = 18465724, upload-time = "2026-09-06T16:25:20.949Z" },
    { url = "https://files.pythonhosted.org/packages/41/ee/38e785e88a4045f6ad1d1f2808dcdfafdca48c760260c0587bf171e29fc9/numpy-2.5.3-cp313-cp313-win32.whl", hash = "sha256:1c80eabb4035ecf4ca9cd49cde8a9fdd69a729e63e6474887d1523ade7aa277f", size = 6129003, upload-time = "2026-09-06T16:25:23.664Z" },
    { url = "https://files.pythonhosted.org/packages/f3/ec/100f2b1794ede74a9b3d7ec6b9736927f56713414c1dfe19ab6c383494bf/numpy-2.5.3-cp313-cp313-win_amd64.whl", hash = "sha256:71cad2b2a7451ab79d8f5e71b453485b6775963d5cf794179144a7463fe6e8ec", size = 12560965, upload-time = "2026-09-06T16:25:26.602Z" },
    { url = "https://files.pythonhosted.org/packages/80/b1/7dc825ca94c12acebbce4c37caa5e198695eb31424bc579679f32b1bb49d/numpy-2.5.3-cp313-cp313-win_arm64.whl", hash = "sha256:8e4dd766076855b5ff7ea52fa5f07ce26286726e0f8bff446b7739d02e6ea204", size = 10482343, upload-time = "2026-09-06T16:25:29.772Z" },
]

[[package]]
name = "pandas"
version = "3.0.6"
source = { registry = "https://pypi.org/simple" }
dependencies = [
    { name = "numpy" },
    { name = "python-dateutil" },
    { name = "tzdata", marker = "sys_platform == 'emscripten' or sys_platform == 'win32'" },
]
sdist = { url = "https://files.pythonhosted.org/packages/e2/17/d7b106e05bfa642e8694451e7d3d759c6a241c5386a5d962e4f66c047e06/pandas-3.0.6.tar.gz", hash = "sha256:66b07ef7315a31bfe1089cd3d71a7de781c9dca986762d0b4fe7c0ef17465d10", size = 4667686, upload-time = "2026-09-17T23:23:18.345Z" }
wheels = [
    { url = "https://files.pythonhosted.org/packages/77/4c/597d588c055d4373cff19cbbc32d4dd046c7be8fadee957585b5ba9e5b24/pandas-3.0.6-cp312-cp312-macosx_10_13_x86_64.whl", hash = "sha256:7dac2d65e9087e8e7b5a45fe15c4920911a221df061ab629943ce016489145c7", size = 10397411, upload-time = "2026-09-17T23:20:49.465Z" },
    { url = "https://files.pythonhosted.org/packages/18/8f/48907c7c707b61a8e5018c32e1a3f70623209bfb59020a2f6196159d3aa7/pandas-3.0.6-cp312-cp312-macosx_11_0_arm64.whl", hash = "sha256:9dab635a549e58a053c7b0fa054dc0bd7be22f0ed9a720f4a85d5fb993276172", size = 10051279, upload-time = "2026-09-17T23:20:52.409Z" },
    { url = "https://files.pythonhosted.org/packages/67/fa/613d867c3d9554a61bafdec6f79565c8a3e73235feb52cc4a72ad2e0fa6a/pandas-3.0.6-cp312-cp312-manylinux_2_24_aarch64.manylinux_2_28_aarch64.whl", hash = "sha256:e3dccb584123b399c07562ac4d62543e90ede49ddf8ce3c13ffc64cbe828c281", size = 10303429, upload-time = "2026-09-17T23:20:55.597Z" },
    { url = "https://files.pythonhosted.org/packages/cb/67/0c0f18e38d7f2d2af8c24b3315bc4046e73bbdd4a5540405506671ad0c0d/pandas-3.0.6-cp312-cp312-manylinux_2_24_x86_64.manylinux_2_28_x86_64.whl", hash = "sha256:0704044b676496b8350e023b09f174a26772456c974a2b11c36bebb558c9490d", size = 10788193, upload-time = "2026-09-17T23:20:58.617Z" },
    { url = "https://files.pythonhosted.org/packages/39/53/1b57f3162501fe36687e4870e1b918a6458ca7386b173af75663ace95857/pandas-3.0.6-cp312-cp312-musllinux_1_2_aarch64.whl", hash = "sha256:e7c1905ef02c3d6d43d9dbd5b6ccb4da4870a0b0c821bbc103fbdb6f3ad2707b", size = 11323501, upload-time = "2026-09-17T23:21:01.911Z" },
    { url = "https://files.pythonhosted.org/packages/f2/d2/b1182e8d39100369d7f13f4a125a3fb6b096fef112c46d0566c25781ff68/pandas-3.0.6-cp312-cp312-musllinux_1_2_x86_64.whl", hash = "sha256:569e114072b24fc4970c12e2b4bab252671668a40b324318903380cab0254c0c", size = 11838173, upload-time = "2026-09-17T23:21:04.85Z" },
    { url = "https://files.pythonhosted.org/packages/c7/33/5b717af24d2f27995e51e0875a269dddd373045216e34cf62e3aa764eaa1/pandas-3.0.6-cp312-cp312-pyemscripten_2024_0_wasm32.whl", hash = "sha256:2a8fc94be2ee5f1d86f97aacd8cc566f81680b6498e76f3007421bb5d98151bf", size = 7118499, upload-time = "2026-09-17T23:21:07.661Z" },
    { url = "https://files.pythonhosted.org/packages/bd/2a/14b3b17cd75cef4a1ee1af4234eb41cc1afe4103b98c2d80e8916abfd42b/pandas-3.0.6-cp312-cp312-win_amd64.whl", hash = "sha256:3ef908d28590b3f42d7070e7ad8f9b34b442b260b7f3c1afb57e0040c58cdb1b", size = 9661439, upload-time = "2026-09-17T23:21:10.959Z" },
    { url = "https://files.pythonhosted.org/packages/3b/11/3d580a604a1e35d69f6676847bd12db7d14344bc677b717f4413e79c5d0d/pandas-3.0.6-cp312-cp312-win_arm64.whl", hash = "sha256:f4e7c52eb108d752e7592268108fd3e98efd76d83a3125cdd06c621c2e44359b", size = 8959806, upload-time = "2026-09-17T23:21:13.851Z" },
    { url = "https://files.pythonhosted.org/packages/8e/1c/143605a1f6443ad50ebda78a31e5a3a10147fec2590e931584aaa5ff0a09/pandas-3.0.6-cp313-cp313-macosx_10_13_x86_64.whl", hash = "sha256:9ae8073aed8e21d1a7fe263dcdc6840743549722a6738198a0a46000fa9476f2", size = 10418900, upload-time = "2026-09-17T23:21:16.594Z" },
    { url = "https://files.pythonhosted.org/packages/ea/ca/87f8548f73d452aab35e4a90f8b39ae303295e0f2ef0b4055c44d6b3f1be/pandas-3.0.6-cp313-cp313-macosx_11_0_arm64.whl", hash = "sha256:60d81f9e1799b36f3739e7fff44d1fbb2e8fd5a271b3863e03de9715fccda0fa", size = 10064785, upload-time = "2026-09-17T23:21:19.677Z" },
    { url = "https://files.pythonhosted.org/packages/43/1a/d951442e5607c6e3b2462eff8f420797d428aa74b87c6ecfe4f48553626e/pandas-3.0.6-cp313-cp313-manylinux_2_24_aarch64.manylinux_2_28_aarch64.whl", hash = "sha256:097090508a1dd335013d39106fc10b20f4fd4a171638e47b77d55798ed9dab6c", size = 10245290, upload-time = "2026-09-17T23:21:22.797Z" },
    { url = "https://files.pythonhosted.org/packages/50/fa/96d50e1e6cd0b08b5e2b7c838f65ae644940f75a124063380b5ef73b6866/pandas-3.0.6-cp313-cp313-manylinux_2_24_x86_64.manylinux_2_28_x86_64.whl", hash = "sha256:1e92d9fa834c7d877130027cddc0cad8dcff97c1f6cca26bd6310f847228b658", size = 10757657, upload-time = "2026-09-17T23:21:25.673Z" },
    { url = "https://files.pythonhosted.org/packages/7b/12/f82d13a2cb703e1a8acee7e01fdc2b898d9cd0c00f07d1dfce63af43e350/pandas-3.0.6-cp313-cp313-musllinux_1_2_aarch64.whl", hash = "sha256:b27c8d890e4aa2171437ae2a39de1d215e674158e4865c4023a8b31c932513b2", size = 11249114, upload-time = "2026-09-17T23:21:28.898Z" },
    { url = "https://files.pythonhosted.org/packages/1a/ce/8aef2e561a2f2c8b38c913c67373c65ba6748174e763d27c80271b24bd17/pandas-3.0.6-cp313-cp313-musllinux_1_2_x86_64.whl", hash = "sha256:f8029ec0f1f89e4f985929ce1f6626dabf3140d61a4e9c1215afdab34eaf9a5d", size = 11820511, upload-time = "2026-09-17T23:21:32.11Z" },
    { url = "https://files.pythonhosted.org/packages/c0/bd/63cb67e6903ef6d9c2871916dbcbc09d254da0fe8b870cf62e16b21945f2/pandas-3.0.6-cp313-cp313-win_amd64.whl", hash = "sha256:f3ce8a6968045481e91a3990e797e348ce13db45ee164a7095bbc824e26c09dd", size = 9638092, upload-time = "2026-09-17T23:21:34.883Z" },
    { url = "https://files.pythonhosted.org/packages/75/2e/e7b35b712edb068d382ddc8b2bea8a04974100515ba2daa22b478b265842/pandas-3.0.6-cp313-cp313-win_arm64.whl", hash = "sha256:cc39303913e2ea129915670de5d1c9fbd647f543bb72e5543bac8baa94e9e42f", size = 8952032, upload-time = "2026-09-17T23:21:37.729Z" },
]

[[package]]
name = "photo-data"
version = "0.1.0"
source = { editable = "../photo-data" }
dependencies = [
    { name = "numpy" },
    { name = "pandas" },
    { name = "pyarrow" },
]

[package.metadata]
requires-dist = [
    { name = "numpy", specifier = ">=2.3" },
    { name = "pandas", specifier = ">=2.3" },
    { name = "pyarrow", specifier = ">=21" },
]

[package.metadata.requires-dev]
dev = [{ name = "pytest", specifier = ">=8" }]

[[package]]
name = "protobuf"
version = "7.36.2"
source = { registry = "https://pypi.org/simple" }
sdist = { url = "https://files.pythonhosted.org/packages/d9/89/5b8517baa72f84a67b8a307ba953c91057af618bf40bf676f3c03551f8f0/protobuf-7.36.2.tar.gz", hash = "sha256:497d0463ff3316681da6c0b9e8d06cb465d61abce00b613ab42226175644d1bb", size = 512737, upload-time = "2026-09-17T20:07:59.326Z" }
wheels = [
    { url = "https://files.pythonhosted.org/packages/32/72/98342feb672507c8f3a69e34b4fa8961f608edba5c1a48a6f47156d92cb5/protobuf-7.36.2-cp310-abi3-macosx_10_9_universal2.whl", hash = "sha256:cbc70b17ee27e28894c7fee8bb04be1abead49e936bc70eb60052531eee2079e", size = 456039, upload-time = "2026-09-17T20:07:51.542Z" },
    { url = "https://files.pythonhosted.org/packages/b6/ea/91fdf7c2b8bbd49cde056f00a9df6773532987e1c00fe2830b895af95c7e/protobuf-7.36.2-cp310-abi3-manylinux2014_aarch64.whl", hash = "sha256:e11e1f0180583a2af89db6a2ecd9e8dc40aa6d2988ca175bfd0e6d12ea72d74e", size = 344219, upload-time = "2026-09-17T20:07:52.914Z" },
    { url = "https://files.pythonhosted.org/packages/17/ab/5fd5f8ece73fad885c5a09aa849b32d70472f954ba3a92d3bb5974ea953b/protobuf-7.36.2-cp310-abi3-manylinux2014_s390x.whl", hash = "sha256:f4fee11ec330d238b34a05c9b675f693c20415d1c5bd7d5320cc2f8a798eb9cf", size = 357223, upload-time = "2026-09-17T20:07:53.985Z" },
    { url = "https://files.pythonhosted.org/packages/db/f3/3996583dd2906297a637af12114deddf7658af6e683fedb83be061983fb5/protobuf-7.36.2-cp310-abi3-manylinux2014_x86_64.whl", hash = "sha256:89f23aa53c24553a2416fd4fd1ec06f74fa42b14b546d8883128813f775bbfd2", size = 343223, upload-time = "2026-09-17T20:07:54.931Z" },
    { url = "https://files.pythonhosted.org/packages/fc/1b/dcc64f358fcb51811b58ae40b3d28f820725f116d86487cc20bd4b130701/protobuf-7.36.2-cp310-abi3-win32.whl", hash = "sha256:912c1221170e16c08d1f086762f563dd61ff83c18b5fa6652952dfaded66f728", size = 442998, upload-time = "2026-09-17T20:07:55.826Z" },
    { url = "https://files.pythonhosted.org/packages/8a/55/b77bda4e5e5f5971fb51b07663694690e9afdb9402136c16a522bd621cad/protobuf-7.36.2-cp310-abi3-win_amd64.whl", hash = "sha256:a300819d441e078a5608c0d3c709796bb548136058fda017ae51d425b44fd353", size = 456514, upload-time = "2026-09-17T20:07:57.188Z" },
    { url = "https://files.pythonhosted.org/packages/e4/04/d52c7016b04b6c5108f26691f9d33ec82a9b65d041f1a9c771137693d618/protobuf-7.36.2-py3-none-any.whl", hash = "sha256:bdb3a345d48db958e6ce1f18e508beb0cc981d64f24088427549c866cd039f1e", size = 179806, upload-time = "2026-09-17T20:07:58.211Z" },
]

[[package]]
name = "pyarrow"
version = "25.0.1"
source = { registry = "https://pypi.org/simple" }
sdist = { url = "https://files.pythonhosted.org/packages/3d/e3/27f57f80141379d60defe6703eb50a707325706f07fedfd1312c7a751995/pyarrow-25.0.1.tar.gz", hash = "sha256:9150a83248bfed9813ea3c3af74c3856c1984d444aa28e58bf7733b9750ddf6a", size = 1201653, upload-time = "2026-08-10T12:40:53.904Z" }
wheels = [
    { url = "https://files.pythonhosted.org/packages/a6/e2/9ab15b88cbfac28e16419ce5439ec29234c5172cb8259301b4ba639bdec0/pyarrow-25.0.1-cp312-cp312-macosx_12_0_arm64.whl", hash = "sha256:df961f2e7ae9cf496459259d798652c70625f6c080650d6952f8c04053c58ee9", size = 35861559, upload-time = "2026-08-10T12:38:02.567Z" },
    { url = "https://files.pythonhosted.org/packages/58/79/a0036dbe1eabe1f73127427342f1d99982584c4a2cde2651d6c93499c6f6/pyarrow-25.0.1-cp312-cp312-macosx_12_0_x86_64.whl", hash = "sha256:cc4aa407fde9fc660be3939e49ea31f50f3e9fec17c0ec63159f7711edd3efc9", size = 37628383, upload-time = "2026-08-10T12:38:09.083Z" },
    { url = "https://files.pythonhosted.org/packages/13/49/d93a57d375f4bf0cf82913dd6bb54acafde83dd993be2282c81ac5616cad/pyarrow-25.0.1-cp312-cp312-manylinux_2_28_aarch64.whl", hash = "sha256:4340f0ba6c1d2e13f21658de1d7c662ca2545018568d0030a1e9afca159d87e3", size = 46820190, upload-time = "2026-08-10T12:38:15.458Z" },
    { url = "https://files.pythonhosted.org/packages/60/c9/711ca85d79f1ec98f29a5eae2b051e25b4ecec5de3e3c0e2d5c5dcb15664/pyarrow-25.0.1-cp312-cp312-manylinux_2_28_x86_64.whl", hash = "sha256:5389cdf79447ed1515c9e31620e6e1e2302249564d603f2ad727d4f6d313e4c3", size = 50102437, upload-time = "2026-08-10T12:38:22.487Z" },
    { url = "https://files.pythonhosted.org/packages/80/53/8fb8359ff17cfb6263a1cf3ebf7caec9fe197de118719e84fcb1d0618026/pyarrow-25.0.1-cp312-cp312-musllinux_1_2_aarch64.whl", hash = "sha256:d51592cb7561e87877c506113e7adbf1342ab579e6c21f0ef44b8ba41cb74c80", size = 49942424, upload-time = "2026-08-10T12:38:28.755Z" },
    { url = "https://files.pythonhosted.org/packages/e8/83/4e5ae02a9341571b18a6fca380ac7a58ce6ddae7ab3c060208c0a1e79f02/pyarrow-25.0.1-cp312-cp312-musllinux_1_2_x86_64.whl", hash = "sha256:6109c94d8b9f3b17a041daca16cacb2f651ad8f1ef70a4232c2c0f37a23da2a8", size = 53144206, upload-time = "2026-08-10T12:38:34.862Z" },
    { url = "https://files.pythonhosted.org/packages/65/ee/197cbf47e49f83e6ebeb946a5259a48a638dea27ac774db42fe78022179d/pyarrow-25.0.1-cp312-cp312-win_amd64.whl", hash = "sha256:8858d7bfc22e3f51529aeaa4077225029724623e4595dc9eff8c793935c34140", size = 27953934, upload-time = "2026-08-10T12:38:39.808Z" },
    { url = "https://files.pythonhosted.org/packages/cc/8d/8f271a7a034c834910ec925d56fa4b29733b1380f5289419f5aaa3b02777/pyarrow-25.0.1-cp313-cp313-macosx_12_0_arm64.whl", hash = "sha256:c7c534ec03c358a76ea3e505e74c1b6aef290af90c444dfd092dbfe23e755b85", size = 35855328, upload-time = "2026-08-10T12:38:45.489Z" },
    { url = "https://files.pythonhosted.org/packages/d2/cd/5bac242f4e841b9971d5eb94fdfe2577e2b70be983e27401e72055786037/pyarrow-25.0.1-cp313-cp313-macosx_12_0_x86_64.whl", hash = "sha256:dda9470024204d7bbf2042b47c6e8a0e47a3eeb8e34405882dfaea6577e0c153", size = 37622415, upload-time = "2026-08-10T12:38:51.107Z" },
    { url = "https://files.pythonhosted.org/packages/63/1f/96d03b4e1506524f7087adb0fd6b2f69f0c9c7aaff1ec36d8030082e15a5/pyarrow-25.0.1-cp313-cp313-manylinux_2_28_aarch64.whl", hash = "sha256:44a9120ce5bd81936b8ab9a88076e3fd47c2c6838e0e43630fed83626aca81d9", size = 46813813, upload-time = "2026-08-10T12:38:57.773Z" },
    { url = "https://files.pythonhosted.org/packages/98/d6/33a411115b61dbfc16ad6ad73e71730f6fea654ee3667673bc53ab0e2fe7/pyarrow-25.0.1-cp313-cp313-manylinux_2_28_x86_64.whl", hash = "sha256:0befcf816e45a1af33ac775a9970b749e4868a230c7372f0ae5e932bee27039f", size = 50104452, upload-time = "2026-08-10T12:39:04.579Z" },
    { url = "https://files.pythonhosted.org/packages/33/ae/b1b97c9ca87f9f9ddbb5230c798df94eccce61bd79b9b45458c69a478588/pyarrow-25.0.1-cp313-cp313-musllinux_1_2_aarch64.whl", hash = "sha256:3f89685964f46e4216103c75483aac0c0692a5f72212d7ca835adba5ede56ce3", size = 49951343, upload-time = "2026-08-10T12:39:11.8Z" },
    { url = "https://files.pythonhosted.org/packages/98/9e/a112df5cfd5a68cb1d9fc31cfe38c28d5aec9f10865ce37ecef2e4450873/pyarrow-25.0.1-cp313-cp313-musllinux_1_2_x86_64.whl", hash = "sha256:6943e2fe7954d29d84de45d29d34c8dc36ce96570e67d89aa9976e650a4a9138", size = 53144784, upload-time = "2026-08-10T12:39:20.503Z" },
    { url = "https://files.pythonhosted.org/packages/31/24/97e8bd98f1e3b07e2ba08bcdff690674fbe16d69a7d2712cc3884665e615/pyarrow-25.0.1-cp313-cp313-win_amd64.whl", hash = "sha256:31e49a7888fcdf3a835da33ae777f6bb9a866334e5a789282fc26dcf426f7f15", size = 27870159, upload-time = "2026-08-10T12:39:26.161Z" },
]

[[package]]
name = "python-dateutil"
version = "2.9.0.post0"
source = { registry = "https://pypi.org/simple" }
dependencies = [
    { name = "six" },
]
sdist = { url = "https://files.pythonhosted.org/packages/66/c0/0c8b6ad9f17a802ee498c46e004a0eb49bc148f2fd230864601a86dcf6db/python-dateutil-2.9.0.post0.tar.gz", hash = "sha256:37dd54208da7e1cd875388217d5e00ebd4179249f90fb72437e91a35459a0ad3", size = 342432, upload-time = "2024-03-01T18:36:20.211Z" }
wheels = [
    { url = "https://files.pythonhosted.org/packages/ec/57/56b9bcc3c9c6a792fcbaf139543cee77261f3651ca9da0c93f5c1221264b/python_dateutil-2.9.0.post0-py2.py3-none-any.whl", hash = "sha256:a8b2bc7bffae282281c8140a97d3aa9c14da0b136dfe83f850eea9a5f7470427", size = 229892, upload-time = "2024-03-01T18:36:18.57Z" },
]

[[package]]
name = "sc02-encoding"
version = "0.1.0"
source = { virtual = "." }
dependencies = [
    { name = "fastavro" },
    { name = "grpcio-tools" },
    { name = "photo-data" },
    { name = "protobuf" },
    { name = "pyarrow" },
]

[package.metadata]
requires-dist = [
    { name = "fastavro", specifier = ">=1.12" },
    { name = "grpcio-tools", specifier = ">=1.70" },
    { name = "photo-data", editable = "../photo-data" },
    { name = "protobuf", specifier = ">=6" },
    { name = "pyarrow", specifier = ">=21" },
]

[[package]]
name = "setuptools"
version = "84.0.0"
source = { registry = "https://pypi.org/simple" }
sdist = { url = "https://files.pythonhosted.org/packages/6d/44/f5da03a8ef95d369145c5bb53050e7877c9f3d312e128605fd9504829143/setuptools-84.0.0.tar.gz", hash = "sha256:f4695c21257f0d9b537ec2692c941d02ee143b7cc1276941349a546573b2ef73", size = 1168449, upload-time = "2026-08-08T18:27:58.365Z" }
wheels = [
    { url = "https://files.pythonhosted.org/packages/95/9c/c510029fc6ef33a6275cd2c5d3cecd6613dfd6aa401d57c54f1c18852ccf/setuptools-84.0.0-py3-none-any.whl", hash = "sha256:51a52592b3b99e102b609654876bd65f19f999935166d1352678931132b0c670", size = 818216, upload-time = "2026-08-08T18:27:56.719Z" },
]

[[package]]
name = "six"
version = "1.17.0"
source = { registry = "https://pypi.org/simple" }
sdist = { url = "https://files.pythonhosted.org/packages/94/e7/b2c673351809dca68a0e064b6af791aa332cf192da575fd474ed7d6f16a2/six-1.17.0.tar.gz", hash = "sha256:ff70335d468e7eb6ec65b95b99d3a2836546063f63acc5171de367e834932a81", size = 34031, upload-time = "2024-12-04T17:35:28.174Z" }
wheels = [
    { url = "https://files.pythonhosted.org/packages/b7/ce/149a00dd41f10bc29e5921b496af8b574d8413afcd5e30dfa0ed46c2cc5e/six-1.17.0-py2.py3-none-any.whl", hash = "sha256:4721f391ed90541fddacab5acf947aa0d3dc7d27b2e1e8eda2be8970586c3274", size = 11050, upload-time = "2024-12-04T17:35:26.475Z" },
]

[[package]]
name = "typing-extensions"
version = "4.16.0"
source = { registry = "https://pypi.org/simple" }
sdist = { url = "https://files.pythonhosted.org/packages/f6/cc/6253133b5bb138fc3306cebfbda2c520f545d36b5be2c7255cc528bb45d6/typing_extensions-4.16.0.tar.gz", hash = "sha256:dc983d19a509c94dba722ee6abd33940f7c05a89e243c47e907eb4db6f1a43e5", size = 113555, upload-time = "2026-07-02T08:40:05.92Z" }
wheels = [
    { url = "https://files.pythonhosted.org/packages/49/d3/b8441a820a491ddfc024b0b0cf0393375b75ea13866d9c66727e54c2fc80/typing_extensions-4.16.0-py3-none-any.whl", hash = "sha256:481caa481374e813c1b176ada14e97f1f67a4539ce9cfeb3f350d78d6370c2e8", size = 45571, upload-time = "2026-07-02T08:40:04.659Z" },
]

[[package]]
name = "tzdata"
version = "2026.4"
source = { registry = "https://pypi.org/simple" }
sdist = { url = "https://files.pythonhosted.org/packages/e4/31/3d74fa778a63b98b7374323befcc0be5ab3bd94afd4096a0124e7379152c/tzdata-2026.4.tar.gz", hash = "sha256:f1b8bd365d8d210c55353f4d7f8d6d8561c0ba50d704b700d195a9424bba0d79", size = 199350, upload-time = "2026-09-12T12:56:03.251Z" }
wheels = [
    { url = "https://files.pythonhosted.org/packages/f9/bc/8737e8d54cf51106118039b83f485a4783112fab49ea9d044b234978a46e/tzdata-2026.4-py2.py3-none-any.whl", hash = "sha256:c2169a8b0a7a5e9674da5a135ccdfb2b3e671b333ed9fed17b41f73c34476e81", size = 347494, upload-time = "2026-09-12T12:56:01.67Z" },
]
