version = 1
revision = 3
requires-python = ">=3.12, <3.14"
resolution-markers = [
    "sys_platform == 'win32'",
    "sys_platform == 'emscripten'",
    "sys_platform != 'emscripten' and sys_platform != 'win32'",
]

[[package]]
name = "dnspython"
version = "2.8.0"
source = { registry = "https://pypi.org/simple" }
sdist = { url = "https://files.pythonhosted.org/packages/8c/8b/57666417c0f90f08bcafa776861060426765fdb422eb10212086fb811d26/dnspython-2.8.0.tar.gz", hash = "sha256:181d3c6996452cb1189c4046c61599b84a5a86e099562ffde77d26984ff26d0f", size = 368251, upload-time = "2025-09-07T18:58:00.022Z" }
wheels = [
    { url = "https://files.pythonhosted.org/packages/ba/5a/18ad964b0086c6e62e2e7500f7edc89e3faa45033c71c1893d34eed2b2de/dnspython-2.8.0-py3-none-any.whl", hash = "sha256:01d9bbc4a2d76bf0db7c1f729812ded6d912bd318d3b1cf81d30c0f845dbf3af", size = 331094, upload-time = "2025-09-07T18:57:58.071Z" },
]

[[package]]
name = "numpy"
version = "2.5.3"
source = { registry = "https://pypi.org/simple" }
sdist = { url = "https://files.pythonhosted.org/packages/13/01/11703282db468b85f6f7b8c7f22d058de5970d5c7e60a3a8aaa313c3de36/numpy-2.5.3.tar.gz", hash = "sha256:df2d5874ff183595a4ba404edd04f6bd9b5505c1d7708573f6a6c17489a67563", size = 20791231, upload-time = "2026-09-06T16:27:47.073Z" }
wheels = [
    { url = "https://files.pythonhosted.org/packages/d6/50/8fdbb16af64895706a45f06a4068e29db732ec180f3c1375f14123359138/numpy-2.5.3-cp312-cp312-macosx_10_13_x86_64.whl", hash = "sha256:cb189f09db39283b26bfd061ec16189e14f71c6755207f72a0f7540867afe5b9", size = 16994982, upload-time = "2026-09-06T16:24:29.244Z" },
    { url = "https://files.pythonhosted.org/packages/60/39/789131c1188c078dcb3a1692e72e1e050c68b88ffe72c9ccaac9bcd7a9cd/numpy-2.5.3-cp312-cp312-macosx_11_0_arm64.whl", hash = "sha256:f59a878c33d6b88122d80d239bb3b845d58708750b0cb06a09aebb9b18ec696c", size = 12009327, upload-time = "2026-09-06T16:24:32.491Z" },
    { url = "https://files.pythonhosted.org/packages/9c/59/a312e95696e5f601914dd8b6dd844692ba61670807417e24b68e337b5c70/numpy-2.5.3-cp312-cp312-macosx_14_0_arm64.whl", hash = "sha256:a72f874bc9e10e4b8f80426fb49716d5141f64442a0c8418065093ec8017fbb0", size = 5445405, upload-time = "2026-09-06T16:24:35.071Z" },
    { url = "https://files.pythonhosted.org/packages/30/d0/5623a1707ed4fe16e3909fe3cf5ee3da004ae677ad23d83bbf3adf1a6faf/numpy-2.5.3-cp312-cp312-macosx_14_0_x86_64.whl", hash = "sha256:fc36dc566135b5eceec4cf89758fcb719266a019ef07dae1754ae7c9f617ef3e", size = 6783213, upload-time = "2026-09-06T16:24:37.253Z" },
    { url = "https://files.pythonhosted.org/packages/f1/32/84146fc020ad3c25f805f70ab60da46fe3c540a21369754a7e4369754b6f/numpy-2.5.3-cp312-cp312-manylinux_2_27_aarch64.manylinux_2_28_aarch64.whl", hash = "sha256:76c2c1e6bfa5c84adc6434dfbf013aa92096a7985221762c8f11fedfd20fff58", size = 15687872, upload-time = "2026-09-06T16:24:39.751Z" },
    { url = "https://files.pythonhosted.org/packages/65/af/aa78d1a88805456e212b65461354cd943197fb9acecc4c90fd12295123a3/numpy-2.5.3-cp312-cp312-manylinux_2_27_x86_64.manylinux_2_28_x86_64.whl", hash = "sha256:b7e18c623bb5c95acb3b3328861272816ba199fb531921c5d6d0b675f1fde9e3", size = 16717410, upload-time = "2026-09-06T16:24:42.745Z" },
    { url = "https://files.pythonhosted.org/packages/3b/24/faa79d865e69a97ba17473b23a1b74094b2259c03e820c70297293b9ea49/numpy-2.5.3-cp312-cp312-musllinux_1_2_aarch64.whl", hash = "sha256:4f8929ee6c96bfbd7b4ed2032e0c03af86fe1826740ab61ddabf9072d06e57ff", size = 17040975, upload-time = "2026-09-06T16:24:45.961Z" },
    { url = "https://files.pythonhosted.org/packages/62/4a/8877e629445a7176297dffcaf9c485faa96a95d81728a62521ad55bd4c0f/numpy-2.5.3-cp312-cp312-musllinux_1_2_x86_64.whl", hash = "sha256:b5d93cf48f687479941d12b69c873ad2cc76bbd487f0091c2200636497f34034", size = 18476479, upload-time = "2026-09-06T16:24:49.35Z" },
    { url = "https://files.pythonhosted.org/packages/c8/db/35e1c2d38b04cbd5b731f9d71495e055e813197669d22b612f11748d2ff9/numpy-2.5.3-cp312-cp312-win32.whl", hash = "sha256:bf63afbe037eb5d2fe87fbcc7778e61da53ebaf21d938a4515aa73b62532a5d4", size = 6133378, upload-time = "2026-09-06T16:24:51.915Z" },
    { url = "https://files.pythonhosted.org/packages/3c/a1/accf6d4f0c80c5d9ba9735d6b1550e444180599f34dec69ca01360f717ad/numpy-2.5.3-cp312-cp312-win_amd64.whl", hash = "sha256:0a59a421a32580a009e8a1751345bf829631b990dc1794b80514ab722b435def", size = 12567828, upload-time = "2026-09-06T16:24:54.255Z" },
    { url = "https://files.pythonhosted.org/packages/22/43/1764aff32e4652526ae2f71fa8b3efd8d25c8a3d6926914454e47138ed1e/numpy-2.5.3-cp312-cp312-win_arm64.whl", hash = "sha256:ccb32e0525d29e8b0572eb84c9a57af0e7a4e615726927506f55063c62414034", size = 10485432, upload-time = "2026-09-06T16:24:57.278Z" },
    { url = "https://files.pythonhosted.org/packages/79/e5/8fb89cd46d14e35699d13bf943a5f5f441ecee8667120a1f6105ab89e349/numpy-2.5.3-cp313-cp313-macosx_10_13_x86_64.whl", hash = "sha256:66a78fe4556c60aceda5916f9eacd638b18e9e681016ec302dcb4682d6d4d034", size = 16991061, upload-time = "2026-09-06T16:25:00.411Z" },
    { url = "https://files.pythonhosted.org/packages/2f/06/9dc9e48b5e5e941c8b10350c5ff2d721da42a20517d911d15544246775ff/numpy-2.5.3-cp313-cp313-macosx_11_0_arm64.whl", hash = "sha256:92f30e89b8ee0ecf363033576c422b2f58fed6a80bed0aa48dff6d14c654663e", size = 12003676, upload-time = "2026-09-06T16:25:03.475Z" },
    { url = "https://files.pythonhosted.org/packages/ab/2a/98282aa5b8f58b1157d440bb6282eed47e3632a5de53a714fbab17e659fe/numpy-2.5.3-cp313-cp313-macosx_14_0_arm64.whl", hash = "sha256:f9a2353b37a1a9e78fd82b27ad7e2a32a2d036604d18f02b05e3136c62ca3b09", size = 5439695, upload-time = "2026-09-06T16:25:05.978Z" },
    { url = "https://files.pythonhosted.org/packages/a1/f9/b6533d777be9d6ffd29dc1be0867e563e6e8cc9a220ff1b716adc317f060/numpy-2.5.3-cp313-cp313-macosx_14_0_x86_64.whl", hash = "sha256:ccbc4665079665c3cf3bab4db9f6b095370cd6437d66be549b6c2a1fd19e1958", size = 6779395, upload-time = "2026-09-06T16:25:08.599Z" },
    { url = "https://files.pythonhosted.org/packages/73/85/735720d04ec197c5dcfacdfc9922667c7f1f5f496a279b7ba4d7c74c4cc7/numpy-2.5.3-cp313-cp313-manylinux_2_27_aarch64.manylinux_2_28_aarch64.whl", hash = "sha256:c76d5dde9f445058f83d0c02af00557a4db91de9a9a57c0df87d1535001d654b", size = 15681750, upload-time = "2026-09-06T16:25:11.173Z" },
    { url = "https://files.pythonhosted.org/packages/3a/1b/3b16a9bc514a440a7a0883684111dcb1ef1aee960af2ca95da8fc775f124/numpy-2.5.3-cp313-cp313-manylinux_2_27_x86_64.manylinux_2_28_x86_64.whl", hash = "sha256:a5fa86b80fd24bcd1aff83ad23be44ea323de3f787be8f8b15d4a65621e25321", size = 16708577, upload-time = "2026-09-06T16:25:14.171Z" },
    { url = "https://files.pythonhosted.org/packages/69/c4/386f397831b07328b639c96c5b62719346cf4baf07c68d927239752b1534/numpy-2.5.3-cp313-cp313-musllinux_1_2_aarch64.whl", hash = "sha256:bd4cb9ad3c7889b9b3fe0a9a9fb5d2ed26f9879bff2608d9f01aed147a20d231", size = 17042047, upload-time = "2026-09-06T16:25:17.582Z" },
    { url = "https://files.pythonhosted.org/packages/5f/3e/a700ecbf36e85ae8328fd3b0e12eeddc22ed6358a64cb2bd913e0d195d65/numpy-2.5.3-cp313-cp313-musllinux_1_2_x86_64.whl", hash = "sha256:1302b90c0e52281681b2975adfe8a860cb7b12216a27b4b0b4207c44bf7bccf0", size = 18465724, upload-time = "2026-09-06T16:25:20.949Z" },
    { url = "https://files.pythonhosted.org/packages/41/ee/38e785e88a4045f6ad1d1f2808dcdfafdca48c760260c0587bf171e29fc9/numpy-2.5.3-cp313-cp313-win32.whl", hash = "sha256:1c80eabb4035ecf4ca9cd49cde8a9fdd69a729e63e6474887d1523ade7aa277f", size = 6129003, upload-time = "2026-09-06T16:25:23.664Z" },
    { url = "https://files.pythonhosted.org/packages/f3/ec/100f2b1794ede74a9b3d7ec6b9736927f56713414c1dfe19ab6c383494bf/numpy-2.5.3-cp313-cp313-win_amd64.whl", hash = "sha256:71cad2b2a7451ab79d8f5e71b453485b6775963d5cf794179144a7463fe6e8ec", size = 12560965, upload-time = "2026-09-06T16:25:26.602Z" },
    { url = "https://files.pythonhosted.org/packages/80/b1/7dc825ca94c12acebbce4c37caa5e198695eb31424bc579679f32b1bb49d/numpy-2.5.3-cp313-cp313-win_arm64.whl", hash = "sha256:8e4dd766076855b5ff7ea52fa5f07ce26286726e0f8bff446b7739d02e6ea204", size = 10482343, upload-time = "2026-09-06T16:25:29.772Z" },
]

[[package]]
name = "pandas"
version = "3.0.6"
source = { registry = "https://pypi.org/simple" }
dependencies = [
    { name = "numpy" },
    { name = "python-dateutil" },
    { name = "tzdata", marker = "sys_platform == 'emscripten' or sys_platform == 'win32'" },
]
sdist = { url = "https://files.pythonhosted.org/packages/e2/17/d7b106e05bfa642e8694451e7d3d759c6a241c5386a5d962e4f66c047e06/pandas-3.0.6.tar.gz", hash = "sha256:66b07ef7315a31bfe1089cd3d71a7de781c9dca986762d0b4fe7c0ef17465d10", size = 4667686, upload-time = "2026-09-17T23:23:18.345Z" }
wheels = [
    { url = "https://files.pythonhosted.org/packages/77/4c/597d588c055d4373cff19cbbc32d4dd046c7be8fadee957585b5ba9e5b24/pandas-3.0.6-cp312-cp312-macosx_10_13_x86_64.whl", hash = "sha256:7dac2d65e9087e8e7b5a45fe15c4920911a221df061ab629943ce016489145c7", size = 10397411, upload-time = "2026-09-17T23:20:49.465Z" },
    { url = "https://files.pythonhosted.org/packages/18/8f/48907c7c707b61a8e5018c32e1a3f70623209bfb59020a2f6196159d3aa7/pandas-3.0.6-cp312-cp312-macosx_11_0_arm64.whl", hash = "sha256:9dab635a549e58a053c7b0fa054dc0bd7be22f0ed9a720f4a85d5fb993276172", size = 10051279, upload-time = "2026-09-17T23:20:52.409Z" },
    { url = "https://files.pythonhosted.org/packages/67/fa/613d867c3d9554a61bafdec6f79565c8a3e73235feb52cc4a72ad2e0fa6a/pandas-3.0.6-cp312-cp312-manylinux_2_24_aarch64.manylinux_2_28_aarch64.whl", hash = "sha256:e3dccb584123b399c07562ac4d62543e90ede49ddf8ce3c13ffc64cbe828c281", size = 10303429, upload-time = "2026-09-17T23:20:55.597Z" },
    { url = "https://files.pythonhosted.org/packages/cb/67/0c0f18e38d7f2d2af8c24b3315bc4046e73bbdd4a5540405506671ad0c0d/pandas-3.0.6-cp312-cp312-manylinux_2_24_x86_64.manylinux_2_28_x86_64.whl", hash = "sha256:0704044b676496b8350e023b09f174a26772456c974a2b11c36bebb558c9490d", size = 10788193, upload-time = "2026-09-17T23:20:58.617Z" },
    { url = "https://files.pythonhosted.org/packages/39/53/1b57f3162501fe36687e4870e1b918a6458ca7386b173af75663ace95857/pandas-3.0.6-cp312-cp312-musllinux_1_2_aarch64.whl", hash = "sha256:e7c1905ef02c3d6d43d9dbd5b6ccb4da4870a0b0c821bbc103fbdb6f3ad2707b", size = 11323501, upload-time = "2026-09-17T23:21:01.911Z" },
    { url = "https://files.pythonhosted.org/packages/f2/d2/b1182e8d39100369d7f13f4a125a3fb6b096fef112c46d0566c25781ff68/pandas-3.0.6-cp312-cp312-musllinux_1_2_x86_64.whl", hash = "sha256:569e114072b24fc4970c12e2b4bab252671668a40b324318903380cab0254c0c", size = 11838173, upload-time = "2026-09-17T23:21:04.85Z" },
    { url = "https://files.pythonhosted.org/packages/c7/33/5b717af24d2f27995e51e0875a269dddd373045216e34cf62e3aa764eaa1/pandas-3.0.6-cp312-cp312-pyemscripten_2024_0_wasm32.whl", hash = "sha256:2a8fc94be2ee5f1d86f97aacd8cc566f81680b6498e76f3007421bb5d98151bf", size = 7118499, upload-time = "2026-09-17T23:21:07.661Z" },
    { url = "https://files.pythonhosted.org/packages/bd/2a/14b3b17cd75cef4a1ee1af4234eb41cc1afe4103b98c2d80e8916abfd42b/pandas-3.0.6-cp312-cp312-win_amd64.whl", hash = "sha256:3ef908d28590b3f42d7070e7ad8f9b34b442b260b7f3c1afb57e0040c58cdb1b", size = 9661439, upload-time = "2026-09-17T23:21:10.959Z" },
    { url = "https://files.pythonhosted.org/packages/3b/11/3d580a604a1e35d69f6676847bd12db7d14344bc677b717f4413e79c5d0d/pandas-3.0.6-cp312-cp312-win_arm64.whl", hash = "sha256:f4e7c52eb108d752e7592268108fd3e98efd76d83a3125cdd06c621c2e44359b", size = 8959806, upload-time = "2026-09-17T23:21:13.851Z" },
    { url = "https://files.pythonhosted.org/packages/8e/1c/143605a1f6443ad50ebda78a31e5a3a10147fec2590e931584aaa5ff0a09/pandas-3.0.6-cp313-cp313-macosx_10_13_x86_64.whl", hash = "sha256:9ae8073aed8e21d1a7fe263dcdc6840743549722a6738198a0a46000fa9476f2", size = 10418900, upload-time = "2026-09-17T23:21:16.594Z" },
    { url = "https://files.pythonhosted.org/packages/ea/ca/87f8548f73d452aab35e4a90f8b39ae303295e0f2ef0b4055c44d6b3f1be/pandas-3.0.6-cp313-cp313-macosx_11_0_arm64.whl", hash = "sha256:60d81f9e1799b36f3739e7fff44d1fbb2e8fd5a271b3863e03de9715fccda0fa", size = 10064785, upload-time = "2026-09-17T23:21:19.677Z" },
    { url = "https://files.pythonhosted.org/packages/43/1a/d951442e5607c6e3b2462eff8f420797d428aa74b87c6ecfe4f48553626e/pandas-3.0.6-cp313-cp313-manylinux_2_24_aarch64.manylinux_2_28_aarch64.whl", hash = "sha256:097090508a1dd335013d39106fc10b20f4fd4a171638e47b77d55798ed9dab6c", size = 10245290, upload-time = "2026-09-17T23:21:22.797Z" },
    { url = "https://files.pythonhosted.org/packages/50/fa/96d50e1e6cd0b08b5e2b7c838f65ae644940f75a124063380b5ef73b6866/pandas-3.0.6-cp313-cp313-manylinux_2_24_x86_64.manylinux_2_28_x86_64.whl", hash = "sha256:1e92d9fa834c7d877130027cddc0cad8dcff97c1f6cca26bd6310f847228b658", size = 10757657, upload-time = "2026-09-17T23:21:25.673Z" },
    { url = "https://files.pythonhosted.org/packages/7b/12/f82d13a2cb703e1a8acee7e01fdc2b898d9cd0c00f07d1dfce63af43e350/pandas-3.0.6-cp313-cp313-musllinux_1_2_aarch64.whl", hash = "sha256:b27c8d890e4aa2171437ae2a39de1d215e674158e4865c4023a8b31c932513b2", size = 11249114, upload-time = "2026-09-17T23:21:28.898Z" },
    { url = "https://files.pythonhosted.org/packages/1a/ce/8aef2e561a2f2c8b38c913c67373c65ba6748174e763d27c80271b24bd17/pandas-3.0.6-cp313-cp313-musllinux_1_2_x86_64.whl", hash = "sha256:f8029ec0f1f89e4f985929ce1f6626dabf3140d61a4e9c1215afdab34eaf9a5d", size = 11820511, upload-time = "2026-09-17T23:21:32.11Z" },
    { url = "https://files.pythonhosted.org/packages/c0/bd/63cb67e6903ef6d9c2871916dbcbc09d254da0fe8b870cf62e16b21945f2/pandas-3.0.6-cp313-cp313-win_amd64.whl", hash = "sha256:f3ce8a6968045481e91a3990e797e348ce13db45ee164a7095bbc824e26c09dd", size = 9638092, upload-time = "2026-09-17T23:21:34.883Z" },
    { url = "https://files.pythonhosted.org/packages/75/2e/e7b35b712edb068d382ddc8b2bea8a04974100515ba2daa22b478b265842/pandas-3.0.6-cp313-cp313-win_arm64.whl", hash = "sha256:cc39303913e2ea129915670de5d1c9fbd647f543bb72e5543bac8baa94e9e42f", size = 8952032, upload-time = "2026-09-17T23:21:37.729Z" },
]

[[package]]
name = "photo-data"
version = "0.1.0"
source = { editable = "../photo-data" }
dependencies = [
    { name = "numpy" },
    { name = "pandas" },
    { name = "pyarrow" },
]

[package.metadata]
requires-dist = [
    { name = "numpy", specifier = ">=2.3" },
    { name = "pandas", specifier = ">=2.3" },
    { name = "pyarrow", specifier = ">=21" },
]

[package.metadata.requires-dev]
dev = [{ name = "pytest", specifier = ">=8" }]

[[package]]
name = "psycopg"
version = "3.3.6"
source = { registry = "https://pypi.org/simple" }
dependencies = [
    { name = "typing-extensions", marker = "python_full_version < '3.13'" },
    { name = "tzdata", marker = "sys_platform == 'win32'" },
]
sdist = { url = "https://files.pythonhosted.org/packages/76/26/3ea4ca5eaea1c0debcdf7ee7c1613fbe721dc27a03c461c0817ffd8a0601/psycopg-3.3.6.tar.gz", hash = "sha256:c081f2250df751a943036e42db6df4571c66cd0aabe8291a7a506512b12007d2", size = 168171, upload-time = "2026-09-18T13:22:55.152Z" }
wheels = [
    { url = "https://files.pythonhosted.org/packages/4e/de/748bd7609c71cae5d737f0ba9192f19329f70180ecda8fff3cac02c5abe3/psycopg-3.3.6-py3-none-any.whl", hash = "sha256:a1db9f7148b06a28606767efaca51fa6f9398c5c0a3810519be69d7000bdb631", size = 215490, upload-time = "2026-09-18T13:15:29.374Z" },
]

[package.optional-dependencies]
binary = [
    { name = "psycopg-binary", marker = "implementation_name != 'pypy'" },
]

[[package]]
name = "psycopg-binary"
version = "3.3.6"
source = { registry = "https://pypi.org/simple" }
wheels = [
    { url = "https://files.pythonhosted.org/packages/e6/01/2cdd1824e58b4467ee0b9498664cd28c42d8794db6b1e35b6bcb834f0044/psycopg_binary-3.3.6-cp312-cp312-macosx_10_13_x86_64.whl", hash = "sha256:3f84dab25e0385692ee13274c68678377e0b1a70ab9d14e56264cbf61f60c62d", size = 4707086, upload-time = "2026-09-18T13:18:05.138Z" },
    { url = "https://files.pythonhosted.org/packages/f6/76/de9948ac06895261c84d5b9fbe283d8f3c5bc9f070691b8d9eaa1b51e322/psycopg_binary-3.3.6-cp312-cp312-macosx_11_0_arm64.whl", hash = "sha256:612382ac3ed13651c7fa44b5fee9fbf7baaa2ddbc6f500391672682c5f1df9e0", size = 4769607, upload-time = "2026-09-18T13:18:12.83Z" },
    { url = "https://files.pythonhosted.org/packages/76/a9/72436c9915ee4905964689e7f0e182ce7767cc0a0390b3ce703be8177625/psycopg_binary-3.3.6-cp312-cp312-manylinux2014_ppc64le.manylinux_2_17_ppc64le.whl", hash = "sha256:366db6e97e66b37211475f20c4c1324a2dc0dd825e46d4e87f9d599304d276f9", size = 5554134, upload-time = "2026-09-18T13:18:21.175Z" },
    { url = "https://files.pythonhosted.org/packages/0a/42/948bb3d2617795093512613fd96ba380e922992c7908fbc073858147d196/psycopg_binary-3.3.6-cp312-cp312-manylinux2014_x86_64.manylinux_2_17_x86_64.whl", hash = "sha256:1679a1cb93fbe5a6d1fd58d82cbddcc6fcb8c61446ba7cae6eb2a7b19bc585de", size = 5235723, upload-time = "2026-09-18T13:18:27.071Z" },
    { url = "https://files.pythonhosted.org/packages/99/47/93e823ff1b0088400703410939c9bda3e63ed9c850b3ee088e8769f4c10b/psycopg_binary-3.3.6-cp312-cp312-manylinux_2_27_aarch64.manylinux_2_28_aarch64.whl", hash = "sha256:37d40450659401600e6d043ff586c89a71a69f33cbb8bcdba6cdb2569beecdbe", size = 6833587, upload-time = "2026-09-18T13:18:33.794Z" },
    { url = "https://files.pythonhosted.org/packages/5e/2d/ecc69c847795aa704041a9f5667a6b0938a088cf1853636d762a6938e493/psycopg_binary-3.3.6-cp312-cp312-manylinux_2_38_riscv64.manylinux_2_39_riscv64.whl", hash = "sha256:a5165300324efd5a772c48a88ab3a928513ab3979fca76553e62ee815f7b2b9c", size = 5070013, upload-time = "2026-09-18T13:18:39.628Z" },
    { url = "https://files.pythonhosted.org/packages/92/36/6126f0dac21713dcae91404f2a76da18598a6252339a8c669c46370d43b2/psycopg_binary-3.3.6-cp312-cp312-musllinux_1_2_aarch64.whl", hash = "sha256:d636338c8f21b0df2f84657b00bc34f9313f826ef93f1155bc743607e4a0c5eb", size = 4597367, upload-time = "2026-09-18T13:18:45.023Z" },
    { url = "https://files.pythonhosted.org/packages/4d/29/7ecfc04243b46c89ffd49924e9c5634ea904ef96c7d0f37e4073623584c1/psycopg_binary-3.3.6-cp312-cp312-musllinux_1_2_ppc64le.whl", hash = "sha256:a4ee3bdd5468a725f2a4d9aab8a74b6d0279f768c8b5d3aeb102c5307ff3d59c", size = 4275419, upload-time = "2026-09-18T13:18:49.299Z" },
    { url = "https://files.pythonhosted.org/packages/6e/90/2f46d2e0de79706ac170df0a3637fe63c4498fc04f131f6049520b78b806/psycopg_binary-3.3.6-cp312-cp312-musllinux_1_2_riscv64.whl", hash = "sha256:289aadd6a00e151203c081f708348ec89f1e483c9b510ef4ac3981f847f01f79", size = 4007358, upload-time = "2026-09-18T13:18:53.944Z" },
    { url = "https://files.pythonhosted.org/packages/03/48/6744e91291b751a8cf12d63d719977974bb94c84ceba913e7ddb2e478e51/psycopg_binary-3.3.6-cp312-cp312-musllinux_1_2_x86_64.whl", hash = "sha256:f21d057f3e5f5491067e5b292498073b73847d48799b099803fef100775fcc52", size = 4320156, upload-time = "2026-09-18T13:18:59.258Z" },
    { url = "https://files.pythonhosted.org/packages/1a/9b/94ff7fce53a64d5b286e2ec454e0a025cf3d6e6b4a9189bef16aa5de98b2/psycopg_binary-3.3.6-cp312-cp312-win_amd64.whl", hash = "sha256:e23a66a763fbe83fcc210bc77c27e5a5ea380ebf091c06f34d8561b695e5a40f", size = 3658864, upload-time = "2026-09-18T13:19:06.503Z" },
    { url = "https://files.pythonhosted.org/packages/b4/c3/c072584b69ad44a747b448cfc9766fecb8aae56e372a017e2ef668790057/psycopg_binary-3.3.6-cp313-cp313-macosx_10_13_x86_64.whl", hash = "sha256:5ad8f35e67cc16d1fad1fa8c88972dc9b3a3141ea67897399904edab96a301b6", size = 4712284, upload-time = "2026-09-18T13:19:13.451Z" },
    { url = "https://files.pythonhosted.org/packages/0a/b9/4283b785339e8e2318d03048994b093d650ea6289fabaa806b765dc0d449/psycopg_binary-3.3.6-cp313-cp313-macosx_11_0_arm64.whl", hash = "sha256:373704aea331d3f3e3402c125a1543f5875e2986ebb54f97d1647942161f803f", size = 4772031, upload-time = "2026-09-18T13:19:18.524Z" },
    { url = "https://files.pythonhosted.org/packages/6f/72/7a1321d359246769fff1affffbd0132785a28f7f63c18524c15a502398f4/psycopg_binary-3.3.6-cp313-cp313-manylinux2014_ppc64le.manylinux_2_17_ppc64le.whl", hash = "sha256:b82491019b884d62318b5f30706c3d7e6d4e5a6cb7eabcb3edc0c1b0fdaceae9", size = 5556392, upload-time = "2026-09-18T13:19:24.418Z" },
    { url = "https://files.pythonhosted.org/packages/de/b0/c6f8a0585a5dacbea74e130bcfc66629390e8f5bbc79d2a8e806e8952150/psycopg_binary-3.3.6-cp313-cp313-manylinux2014_x86_64.manylinux_2_17_x86_64.whl", hash = "sha256:cec5ea900390897d0b46130f60bc2883bf19c314f9044235217c8be88b0ef269", size = 5237855, upload-time = "2026-09-18T13:19:31.257Z" },
    { url = "https://files.pythonhosted.org/packages/e2/fc/c3a7a8bbef7e945ec584ac61d460a612363ea398511cd0e220242b1d69f1/psycopg_binary-3.3.6-cp313-cp313-manylinux_2_27_aarch64.manylinux_2_28_aarch64.whl", hash = "sha256:98c02090d88f2ebc0ec1e8da538f77d225ce0fffecf372aa39262e62a1b054ef", size = 6833856, upload-time = "2026-09-18T13:19:43.622Z" },
    { url = "https://files.pythonhosted.org/packages/a9/f2/8e80b921db728ebb68fc105bd7c4277f908210ad755bd6481d5ea7add740/psycopg_binary-3.3.6-cp313-cp313-manylinux_2_38_riscv64.manylinux_2_39_riscv64.whl", hash = "sha256:ee2c4728c691245e24501fcd7a97b5b381236b9985bc445bba88cdce7d1b5784", size = 5070730, upload-time = "2026-09-18T13:19:49.968Z" },
    { url = "https://files.pythonhosted.org/packages/54/6a/5b313e0c5348244f0e973aff3258bf86766656256d5ece8d541a53e35b4a/psycopg_binary-3.3.6-cp313-cp313-musllinux_1_2_aarch64.whl", hash = "sha256:f19cc87343eaa55255e76b31259a570072ac95d6ae82c92dd34b97691f5e49dc", size = 4598089, upload-time = "2026-09-18T13:19:56.426Z" },
    { url = "https://files.pythonhosted.org/packages/32/e9/db7f76ec24bf6699e92bf604e5c4bae10664a681a8999ef42aa0faf0f2c6/psycopg_binary-3.3.6-cp313-cp313-musllinux_1_2_ppc64le.whl", hash = "sha256:fdccb3a0e184b03e9baa673b15a809cf36c339c85dbda0ebc25a698846dfbee8", size = 4278481, upload-time = "2026-09-18T13:20:04.681Z" },
    { url = "https://files.pythonhosted.org/packages/61/83/72c67013656f4d6b547caabffb193e91d57e63f90eefdcc6d045c400e97d/psycopg_binary-3.3.6-cp313-cp313-musllinux_1_2_riscv64.whl", hash = "sha256:9892188bb15e5803beb51afe8a25add6b56be391a53058e8bca03b74e1e6bf22", size = 4009229, upload-time = "2026-09-18T13:20:11.905Z" },
    { url = "https://files.pythonhosted.org/packages/82/35/5e4500df2c999eb0faed8b184e6958b834172128274f06167a5deef4c19c/psycopg_binary-3.3.6-cp313-cp313-musllinux_1_2_x86_64.whl", hash = "sha256:3af90f92769d8cc10f94515ee7a0aef36ea85ca733a0ce22858f6e0953f41138", size = 4321467, upload-time = "2026-09-18T13:20:17.949Z" },
    { url = "https://files.pythonhosted.org/packages/55/7f/e350e1cf498ba2565c3f87b12f429d2012eb86b76c2b3845a19ee5fbb4d6/psycopg_binary-3.3.6-cp313-cp313-win_amd64.whl", hash = "sha256:0ebfad5d131de9f892ae9e70cc7616207768b6714b66a52d4612b8ceaf78b372", size = 3658179, upload-time = "2026-09-18T13:20:22.691Z" },
]

[[package]]
name = "pyarrow"
version = "25.0.1"
source = { registry = "https://pypi.org/simple" }
sdist = { url = "https://files.pythonhosted.org/packages/3d/e3/27f57f80141379d60defe6703eb50a707325706f07fedfd1312c7a751995/pyarrow-25.0.1.tar.gz", hash = "sha256:9150a83248bfed9813ea3c3af74c3856c1984d444aa28e58bf7733b9750ddf6a", size = 1201653, upload-time = "2026-08-10T12:40:53.904Z" }
wheels = [
    { url = "https://files.pythonhosted.org/packages/a6/e2/9ab15b88cbfac28e16419ce5439ec29234c5172cb8259301b4ba639bdec0/pyarrow-25.0.1-cp312-cp312-macosx_12_0_arm64.whl", hash = "sha256:df961f2e7ae9cf496459259d798652c70625f6c080650d6952f8c04053c58ee9", size = 35861559, upload-time = "2026-08-10T12:38:02.567Z" },
    { url = "https://files.pythonhosted.org/packages/58/79/a0036dbe1eabe1f73127427342f1d99982584c4a2cde2651d6c93499c6f6/pyarrow-25.0.1-cp312-cp312-macosx_12_0_x86_64.whl", hash = "sha256:cc4aa407fde9fc660be3939e49ea31f50f3e9fec17c0ec63159f7711edd3efc9", size = 37628383, upload-time = "2026-08-10T12:38:09.083Z" },
    { url = "https://files.pythonhosted.org/packages/13/49/d93a57d375f4bf0cf82913dd6bb54acafde83dd993be2282c81ac5616cad/pyarrow-25.0.1-cp312-cp312-manylinux_2_28_aarch64.whl", hash = "sha256:4340f0ba6c1d2e13f21658de1d7c662ca2545018568d0030a1e9afca159d87e3", size = 46820190, upload-time = "2026-08-10T12:38:15.458Z" },
    { url = "https://files.pythonhosted.org/packages/60/c9/711ca85d79f1ec98f29a5eae2b051e25b4ecec5de3e3c0e2d5c5dcb15664/pyarrow-25.0.1-cp312-cp312-manylinux_2_28_x86_64.whl", hash = "sha256:5389cdf79447ed1515c9e31620e6e1e2302249564d603f2ad727d4f6d313e4c3", size = 50102437, upload-time = "2026-08-10T12:38:22.487Z" },
    { url = "https://files.pythonhosted.org/packages/80/53/8fb8359ff17cfb6263a1cf3ebf7caec9fe197de118719e84fcb1d0618026/pyarrow-25.0.1-cp312-cp312-musllinux_1_2_aarch64.whl", hash = "sha256:d51592cb7561e87877c506113e7adbf1342ab579e6c21f0ef44b8ba41cb74c80", size = 49942424, upload-time = "2026-08-10T12:38:28.755Z" },
    { url = "https://files.pythonhosted.org/packages/e8/83/4e5ae02a9341571b18a6fca380ac7a58ce6ddae7ab3c060208c0a1e79f02/pyarrow-25.0.1-cp312-cp312-musllinux_1_2_x86_64.whl", hash = "sha256:6109c94d8b9f3b17a041daca16cacb2f651ad8f1ef70a4232c2c0f37a23da2a8", size = 53144206, upload-time = "2026-08-10T12:38:34.862Z" },
    { url = "https://files.pythonhosted.org/packages/65/ee/197cbf47e49f83e6ebeb946a5259a48a638dea27ac774db42fe78022179d/pyarrow-25.0.1-cp312-cp312-win_amd64.whl", hash = "sha256:8858d7bfc22e3f51529aeaa4077225029724623e4595dc9eff8c793935c34140", size = 27953934, upload-time = "2026-08-10T12:38:39.808Z" },
    { url = "https://files.pythonhosted.org/packages/cc/8d/8f271a7a034c834910ec925d56fa4b29733b1380f5289419f5aaa3b02777/pyarrow-25.0.1-cp313-cp313-macosx_12_0_arm64.whl", hash = "sha256:c7c534ec03c358a76ea3e505e74c1b6aef290af90c444dfd092dbfe23e755b85", size = 35855328, upload-time = "2026-08-10T12:38:45.489Z" },
    { url = "https://files.pythonhosted.org/packages/d2/cd/5bac242f4e841b9971d5eb94fdfe2577e2b70be983e27401e72055786037/pyarrow-25.0.1-cp313-cp313-macosx_12_0_x86_64.whl", hash = "sha256:dda9470024204d7bbf2042b47c6e8a0e47a3eeb8e34405882dfaea6577e0c153", size = 37622415, upload-time = "2026-08-10T12:38:51.107Z" },
    { url = "https://files.pythonhosted.org/packages/63/1f/96d03b4e1506524f7087adb0fd6b2f69f0c9c7aaff1ec36d8030082e15a5/pyarrow-25.0.1-cp313-cp313-manylinux_2_28_aarch64.whl", hash = "sha256:44a9120ce5bd81936b8ab9a88076e3fd47c2c6838e0e43630fed83626aca81d9", size = 46813813, upload-time = "2026-08-10T12:38:57.773Z" },
    { url = "https://files.pythonhosted.org/packages/98/d6/33a411115b61dbfc16ad6ad73e71730f6fea654ee3667673bc53ab0e2fe7/pyarrow-25.0.1-cp313-cp313-manylinux_2_28_x86_64.whl", hash = "sha256:0befcf816e45a1af33ac775a9970b749e4868a230c7372f0ae5e932bee27039f", size = 50104452, upload-time = "2026-08-10T12:39:04.579Z" },
    { url = "https://files.pythonhosted.org/packages/33/ae/b1b97c9ca87f9f9ddbb5230c798df94eccce61bd79b9b45458c69a478588/pyarrow-25.0.1-cp313-cp313-musllinux_1_2_aarch64.whl", hash = "sha256:3f89685964f46e4216103c75483aac0c0692a5f72212d7ca835adba5ede56ce3", size = 49951343, upload-time = "2026-08-10T12:39:11.8Z" },
    { url = "https://files.pythonhosted.org/packages/98/9e/a112df5cfd5a68cb1d9fc31cfe38c28d5aec9f10865ce37ecef2e4450873/pyarrow-25.0.1-cp313-cp313-musllinux_1_2_x86_64.whl", hash = "sha256:6943e2fe7954d29d84de45d29d34c8dc36ce96570e67d89aa9976e650a4a9138", size = 53144784, upload-time = "2026-08-10T12:39:20.503Z" },
    { url = "https://files.pythonhosted.org/packages/31/24/97e8bd98f1e3b07e2ba08bcdff690674fbe16d69a7d2712cc3884665e615/pyarrow-25.0.1-cp313-cp313-win_amd64.whl", hash = "sha256:31e49a7888fcdf3a835da33ae777f6bb9a866334e5a789282fc26dcf426f7f15", size = 27870159, upload-time = "2026-08-10T12:39:26.161Z" },
]

[[package]]
name = "pymongo"
version = "4.18.2"
source = { registry = "https://pypi.org/simple" }
dependencies = [
    { name = "dnspython" },
]
sdist = { url = "https://files.pythonhosted.org/packages/dc/04/455039b475bb8afa5af9b8c363fb773a45d898016f04ee40c1c75003a3f9/pymongo-4.18.2.tar.gz", hash = "sha256:1bd4321cc63c06954953eae9eb8fb5d9075296b96c0e3ed34ccb91a0dcce31a5", size = 2746691, upload-time = "2026-09-24T16:59:59.472Z" }
wheels = [
    { url = "https://files.pythonhosted.org/packages/10/eb/995ec978741cfc56a29223ec0806976218b95d79a516d9b719c984ead130/pymongo-4.18.2-cp312-cp312-macosx_10_13_x86_64.whl", hash = "sha256:78a3b324407ba7228a57f207e175efc40341c1312d1e7df2d4ad8141ff6d8e00", size = 819057, upload-time = "2026-09-24T16:58:35.844Z" },
    { url = "https://files.pythonhosted.org/packages/40/e4/5a166bbac7f6e620cfb75b0640e793dd3ce69423a1f89cf6a0bfc588c107/pymongo-4.18.2-cp312-cp312-macosx_11_0_arm64.whl", hash = "sha256:498187b5171d5efa87291b30e4cbf1e9849929c02bc436e95a3d01ff19e49f42", size = 819448, upload-time = "2026-09-24T16:58:37.221Z" },
    { url = "https://files.pythonhosted.org/packages/c9/c8/82194d9a1387a56cac996901f92ea6a25ae817622ee32d15c986638b263f/pymongo-4.18.2-cp312-cp312-manylinux1_i686.manylinux_2_28_i686.manylinux_2_5_i686.whl", hash = "sha256:2c003646d3fa5db4e835483fc29018eb06d8c637cf69f676ffbb3f0734005220", size = 1039602, upload-time = "2026-09-24T16:58:38.821Z" },
    { url = "https://files.pythonhosted.org/packages/cc/06/628f93f15f269d8a1ea20a024083e67871f722876a33992aec5525a6c6c4/pymongo-4.18.2-cp312-cp312-manylinux2014_aarch64.manylinux_2_17_aarch64.manylinux_2_28_aarch64.whl", hash = "sha256:c743347143298252948e038f768ea6f71b71ef8a85b7cf0dc13b734e072f74da", size = 1050746, upload-time = "2026-09-24T16:58:40.322Z" },
    { url = "https://files.pythonhosted.org/packages/bf/93/58ea76803128651ec9c732b59b8c1eb73d511c085c2e5786da3289d4015c/pymongo-4.18.2-cp312-cp312-manylinux2014_ppc64le.manylinux_2_17_ppc64le.manylinux_2_28_ppc64le.whl", hash = "sha256:09e6afa68001433c42925a258b57f2ceccb95c73fe8920452e147a82d90c1ae9", size = 1075681, upload-time = "2026-09-24T16:58:41.722Z" },
    { url = "https://files.pythonhosted.org/packages/7c/6d/702ee4593420e2a8ceb169ece6394f0bb9fc2e8e8d8101e99f2468ed6d0d/pymongo-4.18.2-cp312-cp312-manylinux2014_s390x.manylinux_2_17_s390x.manylinux_2_28_s390x.whl", hash = "sha256:8d3445caeeb47dc64bf416dc03e0b3bfcf3b60a109dec355a563aa62c135cb33", size = 1068235, upload-time = "2026-09-24T16:58:43.228Z" },
    { url = "https://files.pythonhosted.org/packages/a9/92/a02a4108ca4faf05bca394d65dcebc7b84b0248cff23aa89927c81a0d5dd/pymongo-4.18.2-cp312-cp312-manylinux2014_x86_64.manylinux_2_17_x86_64.manylinux_2_28_x86_64.whl", hash = "sha256:ecde9e735e1f86559e0a71a5bbec671e59a35549bfd8c60968d9f032b05013de", size = 1049896, upload-time = "2026-09-24T16:58:44.914Z" },
    { url = "https://files.pythonhosted.org/packages/6e/93/65ef17eecdd86c153f7907b2d490d85eb655d3a5eb35a8494e7e09376353/pymongo-4.18.2-cp312-cp312-win32.whl", hash = "sha256:a463c3fc072655b7fe9e9ded4601876bef7f1df98f6f3faeed07fa7f11309fff", size = 815124, upload-time = "2026-09-24T16:58:46.39Z" },
    { url = "https://files.pythonhosted.org/packages/3c/cc/fd66aa9d8956e8269ea63b2977a7fd38fbec45795d38b8067bfafc98992f/pymongo-4.18.2-cp312-cp312-win_amd64.whl", hash = "sha256:cbb67901ba9b6334fa94643d66587a30ffe5be05061af287364e6b5f7d239dc5", size = 821996, upload-time = "2026-09-24T16:58:47.769Z" },
    { url = "https://files.pythonhosted.org/packages/06/21/983d340cfe226c987014f1caf9568b176cbd7f25dd87536379a609e6371e/pymongo-4.18.2-cp312-cp312-win_arm64.whl", hash = "sha256:94c5e0fe9af4c05f382ae7c4addd0255a8ddcc91b3d2a6bc09b34230cb28290b", size = 815707, upload-time = "2026-09-24T16:58:49.493Z" },
    { url = "https://files.pythonhosted.org/packages/c7/be/82ca9a311b8a89e918c7387d96135786e1edd2eedca43d62dffcb3af5846/pymongo-4.18.2-cp313-cp313-macosx_10_13_x86_64.whl", hash = "sha256:f3be3633a89888fc7443a5a416f74c66216839a5b7b550daaec4da0b1a7283be", size = 818977, upload-time = "2026-09-24T16:58:51.109Z" },
    { url = "https://files.pythonhosted.org/packages/43/38/4817e5ce653ed70162d1412cc74d15c29e88208cea7510967707e908a145/pymongo-4.18.2-cp313-cp313-macosx_11_0_arm64.whl", hash = "sha256:bd5ecb6d6fab1c5114e66477b1d60b0f3926975c41cf5508d38b28dd0eb6676e", size = 819319, upload-time = "2026-09-24T16:58:52.703Z" },
    { url = "https://files.pythonhosted.org/packages/f3/e9/b8f108ce7c47619e531e0f4a0963178eb9caa5c5da36f4454df8ae6fd15b/pymongo-4.18.2-cp313-cp313-manylinux1_i686.manylinux_2_28_i686.manylinux_2_5_i686.whl", hash = "sha256:63322fa1499d855a6e63673f8d183fc2d7ecd966702f73150b21e04e01dc0144", size = 1039779, upload-time = "2026-09-24T16:58:54.292Z" },
    { url = "https://files.pythonhosted.org/packages/e5/87/3a8394386d485c9c9e518c4e15dce91e9470c3a8b3a0a19e289eb3b9d262/pymongo-4.18.2-cp313-cp313-manylinux2014_aarch64.manylinux_2_17_aarch64.manylinux_2_28_aarch64.whl", hash = "sha256:979d1e88a20fe9d652f3db57fff55052ddb9022ac346ea55a32a8cfe4b56f90d", size = 1050543, upload-time = "2026-09-24T16:58:55.907Z" },
    { url = "https://files.pythonhosted.org/packages/68/7d/84962f4d8fe0f9e3f112c6b630c7ad9a9f74acd7865ace9ba1e82e1f096a/pymongo-4.18.2-cp313-cp313-manylinux2014_ppc64le.manylinux_2_17_ppc64le.manylinux_2_28_ppc64le.whl", hash = "sha256:ef9007562b907a0db6b158ae9e08510678991cc10ad1471de3635f9be737a68e", size = 1075500, upload-time = "2026-09-24T16:58:57.424Z" },
    { url = "https://files.pythonhosted.org/packages/7b/4e/b20ffbc001958d597970567e9231664b8f4c68765376a349834577892fe3/pymongo-4.18.2-cp313-cp313-manylinux2014_s390x.manylinux_2_17_s390x.manylinux_2_28_s390x.whl", hash = "sha256:8b41d460c2281874232e6b4a5834bc3fb6cc718d80b6097c38d87ff19ee60898", size = 1067941, upload-time = "2026-09-24T16:58:59.014Z" },
    { url = "https://files.pythonhosted.org/packages/b4/ba/535911b6b35427e3fd31c17a89c9851c024df81779fe6dd473a4f0cdd0fd/pymongo-4.18.2-cp313-cp313-manylinux2014_x86_64.manylinux_2_17_x86_64.manylinux_2_28_x86_64.whl", hash = "sha256:6a57f28271cb325574bd12ad7b3747e545c5b7f560de9f175af7db7be0655639", size = 1049780, upload-time = "2026-09-24T16:59:00.716Z" },
    { url = "https://files.pythonhosted.org/packages/fb/d2/f37bdbbc1a11955dd2609d622aae6722c6cfd9f67528a62c8f80f4db6609/pymongo-4.18.2-cp313-cp313-win32.whl", hash = "sha256:c3f0adbefa29c772f4ebf09a6ac65426405435de199828bedc9534f182ad2fe3", size = 815166, upload-time = "2026-09-24T16:59:02.434Z" },
    { url = "https://files.pythonhosted.org/packages/5a/8a/dc8dac16d8a1c72008a1707046db333a4adaf3dec712c4433ac234e7890d/pymongo-4.18.2-cp313-cp313-win_amd64.whl", hash = "sha256:84f99563560a94321b7c3eb4a3bd0dc81f29a2f67a1da065f78641eff42f4a81", size = 821994, upload-time = "2026-09-24T16:59:04.127Z" },
    { url = "https://files.pythonhosted.org/packages/5c/c9/979b68292e3229a924280ba0c8d5fe4f92604271aa49ba09e497af4aa463/pymongo-4.18.2-cp313-cp313-win_arm64.whl", hash = "sha256:f319857f858a17e1c0e48159b65c89abe93d5ebf3423bb3e3891d8b67a68accd", size = 815730, upload-time = "2026-09-24T16:59:05.629Z" },
]

[[package]]
name = "python-dateutil"
version = "2.9.0.post0"
source = { registry = "https://pypi.org/simple" }
dependencies = [
    { name = "six" },
]
sdist = { url = "https://files.pythonhosted.org/packages/66/c0/0c8b6ad9f17a802ee498c46e004a0eb49bc148f2fd230864601a86dcf6db/python-dateutil-2.9.0.post0.tar.gz", hash = "sha256:37dd54208da7e1cd875388217d5e00ebd4179249f90fb72437e91a35459a0ad3", size = 342432, upload-time = "2024-03-01T18:36:20.211Z" }
wheels = [
    { url = "https://files.pythonhosted.org/packages/ec/57/56b9bcc3c9c6a792fcbaf139543cee77261f3651ca9da0c93f5c1221264b/python_dateutil-2.9.0.post0-py2.py3-none-any.whl", hash = "sha256:a8b2bc7bffae282281c8140a97d3aa9c14da0b136dfe83f850eea9a5f7470427", size = 229892, upload-time = "2024-03-01T18:36:18.57Z" },
]

[[package]]
name = "sc01-storage-models"
version = "0.1.0"
source = { virtual = "." }
dependencies = [
    { name = "photo-data" },
    { name = "psycopg", extra = ["binary"] },
    { name = "pymongo" },
]

[package.metadata]
requires-dist = [
    { name = "photo-data", editable = "../photo-data" },
    { name = "psycopg", extras = ["binary"], specifier = ">=3.2" },
    { name = "pymongo", specifier = ">=4.18" },
]

[[package]]
name = "six"
version = "1.17.0"
source = { registry = "https://pypi.org/simple" }
sdist = { url = "https://files.pythonhosted.org/packages/94/e7/b2c673351809dca68a0e064b6af791aa332cf192da575fd474ed7d6f16a2/six-1.17.0.tar.gz", hash = "sha256:ff70335d468e7eb6ec65b95b99d3a2836546063f63acc5171de367e834932a81", size = 34031, upload-time = "2024-12-04T17:35:28.174Z" }
wheels = [
    { url = "https://files.pythonhosted.org/packages/b7/ce/149a00dd41f10bc29e5921b496af8b574d8413afcd5e30dfa0ed46c2cc5e/six-1.17.0-py2.py3-none-any.whl", hash = "sha256:4721f391ed90541fddacab5acf947aa0d3dc7d27b2e1e8eda2be8970586c3274", size = 11050, upload-time = "2024-12-04T17:35:26.475Z" },
]

[[package]]
name = "typing-extensions"
version = "4.16.0"
source = { registry = "https://pypi.org/simple" }
sdist = { url = "https://files.pythonhosted.org/packages/f6/cc/6253133b5bb138fc3306cebfbda2c520f545d36b5be2c7255cc528bb45d6/typing_extensions-4.16.0.tar.gz", hash = "sha256:dc983d19a509c94dba722ee6abd33940f7c05a89e243c47e907eb4db6f1a43e5", size = 113555, upload-time = "2026-07-02T08:40:05.92Z" }
wheels = [
    { url = "https://files.pythonhosted.org/packages/49/d3/b8441a820a491ddfc024b0b0cf0393375b75ea13866d9c66727e54c2fc80/typing_extensions-4.16.0-py3-none-any.whl", hash = "sha256:481caa481374e813c1b176ada14e97f1f67a4539ce9cfeb3f350d78d6370c2e8", size = 45571, upload-time = "2026-07-02T08:40:04.659Z" },
]

[[package]]
name = "tzdata"
version = "2026.4"
source = { registry = "https://pypi.org/simple" }
sdist = { url = "https://files.pythonhosted.org/packages/e4/31/3d74fa778a63b98b7374323befcc0be5ab3bd94afd4096a0124e7379152c/tzdata-2026.4.tar.gz", hash = "sha256:f1b8bd365d8d210c55353f4d7f8d6d8561c0ba50d704b700d195a9424bba0d79", size = 199350, upload-time = "2026-09-12T12:56:03.251Z" }
wheels = [
    { url = "https://files.pythonhosted.org/packages/f9/bc/8737e8d54cf51106118039b83f485a4783112fab49ea9d044b234978a46e/tzdata-2026.4-py2.py3-none-any.whl", hash = "sha256:c2169a8b0a7a5e9674da5a135ccdfb2b3e671b333ed9fed17b41f73c34476e81", size = 347494, upload-time = "2026-09-12T12:56:01.67Z" },
]
